<?xml version="1.0" encoding="UTF-8"?>
<!DOCTYPE plist PUBLIC "-//Apple//DTD PLIST 1.0//EN" "http://www.apple.com/DTDs/PropertyList-1.0.dtd">
<plist version="1.0">
<dict>
	<key>archiveVersion</key>
	<string>1</string>
	<key>classes</key>
	<dict/>
	<key>objectVersion</key>
	<string>46</string>
	<key>objects</key>
	<dict>
		<key>5700259419A1783D00B354AA</key>
		<dict>
			<key>fileEncoding</key>
			<string>4</string>
			<key>isa</key>
			<string>PBXFileReference</string>
			<key>lastKnownFileType</key>
			<string>sourcecode.c.h</string>
			<key>path</key>
			<string>ResetPasswordViewController.h</string>
			<key>sourceTree</key>
			<string>&lt;group&gt;</string>
		</dict>
		<key>5700259519A1783D00B354AA</key>
		<dict>
			<key>fileEncoding</key>
			<string>4</string>
			<key>isa</key>
			<string>PBXFileReference</string>
			<key>lastKnownFileType</key>
			<string>sourcecode.c.objc</string>
			<key>path</key>
			<string>ResetPasswordViewController.m</string>
			<key>sourceTree</key>
			<string>&lt;group&gt;</string>
		</dict>
		<key>5700259619A1783D00B354AA</key>
		<dict>
			<key>fileRef</key>
			<string>5700259519A1783D00B354AA</string>
			<key>isa</key>
			<string>PBXBuildFile</string>
		</dict>
		<key>5707A64119808C5F003B6C9C</key>
		<dict>
			<key>isa</key>
			<string>PBXFileReference</string>
			<key>lastKnownFileType</key>
			<string>image.png</string>
			<key>name</key>
			<string>listen-32.png</string>
			<key>path</key>
			<string>../listen-32.png</string>
			<key>sourceTree</key>
			<string>&lt;group&gt;</string>
		</dict>
		<key>5707A64219808C5F003B6C9C</key>
		<dict>
			<key>fileRef</key>
			<string>5707A64119808C5F003B6C9C</string>
			<key>isa</key>
			<string>PBXBuildFile</string>
		</dict>
		<key>5707A64319808CE7003B6C9C</key>
		<dict>
			<key>isa</key>
			<string>PBXFileReference</string>
			<key>lastKnownFileType</key>
			<string>image.png</string>
			<key>path</key>
			<string>megaphone-32.png</string>
			<key>sourceTree</key>
			<string>&lt;group&gt;</string>
		</dict>
		<key>5707A64419808CE7003B6C9C</key>
		<dict>
			<key>fileRef</key>
			<string>5707A64319808CE7003B6C9C</string>
			<key>isa</key>
			<string>PBXBuildFile</string>
		</dict>
		<key>5707A64519808DBE003B6C9C</key>
		<dict>
			<key>isa</key>
			<string>PBXFileReference</string>
			<key>lastKnownFileType</key>
			<string>image.png</string>
			<key>name</key>
			<string>group-32.png</string>
			<key>path</key>
			<string>../group-32.png</string>
			<key>sourceTree</key>
			<string>&lt;group&gt;</string>
		</dict>
		<key>5707A64619808DBE003B6C9C</key>
		<dict>
			<key>fileRef</key>
			<string>5707A64519808DBE003B6C9C</string>
			<key>isa</key>
			<string>PBXBuildFile</string>
		</dict>
		<key>5707A64719808E12003B6C9C</key>
		<dict>
			<key>isa</key>
			<string>PBXFileReference</string>
			<key>lastKnownFileType</key>
			<string>image.png</string>
			<key>name</key>
			<string>add_user-32.png</string>
			<key>path</key>
			<string>../add_user-32.png</string>
			<key>sourceTree</key>
			<string>&lt;group&gt;</string>
		</dict>
		<key>5707A64819808E12003B6C9C</key>
		<dict>
			<key>isa</key>
			<string>PBXFileReference</string>
			<key>lastKnownFileType</key>
			<string>image.png</string>
			<key>name</key>
			<string>find_user-32.png</string>
			<key>path</key>
			<string>../find_user-32.png</string>
			<key>sourceTree</key>
			<string>&lt;group&gt;</string>
		</dict>
		<key>5707A64919808E12003B6C9C</key>
		<dict>
			<key>isa</key>
			<string>PBXFileReference</string>
			<key>lastKnownFileType</key>
			<string>image.png</string>
			<key>name</key>
			<string>remove_user-32.png</string>
			<key>path</key>
			<string>../remove_user-32.png</string>
			<key>sourceTree</key>
			<string>&lt;group&gt;</string>
		</dict>
		<key>5707A64A19808E12003B6C9C</key>
		<dict>
			<key>fileRef</key>
			<string>5707A64719808E12003B6C9C</string>
			<key>isa</key>
			<string>PBXBuildFile</string>
		</dict>
		<key>5707A64B19808E12003B6C9C</key>
		<dict>
			<key>fileRef</key>
			<string>5707A64819808E12003B6C9C</string>
			<key>isa</key>
			<string>PBXBuildFile</string>
		</dict>
		<key>5707A64C19808E12003B6C9C</key>
		<dict>
			<key>fileRef</key>
			<string>5707A64919808E12003B6C9C</string>
			<key>isa</key>
			<string>PBXBuildFile</string>
		</dict>
		<key>5707A64D19808FE8003B6C9C</key>
		<dict>
			<key>isa</key>
			<string>PBXFileReference</string>
			<key>lastKnownFileType</key>
			<string>image.png</string>
			<key>name</key>
			<string>edit_user-32.png</string>
			<key>path</key>
			<string>../edit_user-32.png</string>
			<key>sourceTree</key>
			<string>&lt;group&gt;</string>
		</dict>
		<key>5707A64E19808FE8003B6C9C</key>
		<dict>
			<key>fileRef</key>
			<string>5707A64D19808FE8003B6C9C</string>
			<key>isa</key>
			<string>PBXBuildFile</string>
		</dict>
		<key>5707A64F198090FE003B6C9C</key>
		<dict>
			<key>isa</key>
			<string>PBXFileReference</string>
			<key>lastKnownFileType</key>
			<string>image.png</string>
			<key>name</key>
			<string>cancel-75.png</string>
			<key>path</key>
			<string>../cancel-75.png</string>
			<key>sourceTree</key>
			<string>&lt;group&gt;</string>
		</dict>
		<key>5707A650198090FE003B6C9C</key>
		<dict>
			<key>fileRef</key>
			<string>5707A64F198090FE003B6C9C</string>
			<key>isa</key>
			<string>PBXBuildFile</string>
		</dict>
		<key>570A1BE11987138C00493EF2</key>
		<dict>
			<key>fileRef</key>
			<string>57C9C008195A71B500D8D3EE</string>
			<key>isa</key>
			<string>PBXBuildFile</string>
		</dict>
		<key>570A1BE51987300200493EF2</key>
		<dict>
			<key>isa</key>
			<string>PBXFileReference</string>
			<key>lastKnownFileType</key>
			<string>image.png</string>
			<key>path</key>
			<string>micro-256(red).png</string>
			<key>sourceTree</key>
			<string>&lt;group&gt;</string>
		</dict>
		<key>570A1BE61987300200493EF2</key>
		<dict>
			<key>fileRef</key>
			<string>570A1BE51987300200493EF2</string>
			<key>isa</key>
			<string>PBXBuildFile</string>
		</dict>
		<key>57338F7419904C67002AE426</key>
		<dict>
			<key>children</key>
			<array>
				<string>57338F7519904C99002AE426</string>
				<string>5780A6D419888C2900E78A10</string>
			</array>
			<key>isa</key>
			<string>PBXGroup</string>
			<key>name</key>
			<string>Resources</string>
			<key>sourceTree</key>
			<string>&lt;group&gt;</string>
		</dict>
		<key>57338F7519904C99002AE426</key>
		<dict>
			<key>fileEncoding</key>
			<string>4</string>
			<key>isa</key>
			<string>PBXFileReference</string>
			<key>lastKnownFileType</key>
			<string>text</string>
			<key>path</key>
			<string>my.license</string>
			<key>sourceTree</key>
			<string>&lt;group&gt;</string>
		</dict>
		<key>57338F7619904C99002AE426</key>
		<dict>
			<key>fileRef</key>
			<string>57338F7519904C99002AE426</string>
			<key>isa</key>
			<string>PBXBuildFile</string>
		</dict>
		<key>57428D00196B6BE6001C2E70</key>
		<dict>
			<key>fileEncoding</key>
			<string>4</string>
			<key>isa</key>
			<string>PBXFileReference</string>
			<key>lastKnownFileType</key>
			<string>sourcecode.c.h</string>
			<key>path</key>
			<string>RecordAMessageViewController.h</string>
			<key>sourceTree</key>
			<string>&lt;group&gt;</string>
		</dict>
		<key>57428D01196B6BE6001C2E70</key>
		<dict>
			<key>fileEncoding</key>
			<string>4</string>
			<key>isa</key>
			<string>PBXFileReference</string>
			<key>lastKnownFileType</key>
			<string>sourcecode.c.objc</string>
			<key>path</key>
			<string>RecordAMessageViewController.m</string>
			<key>sourceTree</key>
			<string>&lt;group&gt;</string>
		</dict>
		<key>57428D02196B6BE6001C2E70</key>
		<dict>
			<key>fileRef</key>
			<string>57428D01196B6BE6001C2E70</string>
			<key>isa</key>
			<string>PBXBuildFile</string>
		</dict>
		<key>5764230F196F8A8A0004F992</key>
		<dict>
			<key>isa</key>
			<string>PBXFileReference</string>
			<key>lastKnownFileType</key>
			<string>sourcecode.c.h</string>
			<key>path</key>
			<string>GAI.h</string>
			<key>sourceTree</key>
			<string>&lt;group&gt;</string>
		</dict>
		<key>57642310196F8A8A0004F992</key>
		<dict>
			<key>isa</key>
			<string>PBXFileReference</string>
			<key>lastKnownFileType</key>
			<string>sourcecode.c.h</string>
			<key>path</key>
			<string>GAIDictionaryBuilder.h</string>
			<key>sourceTree</key>
			<string>&lt;group&gt;</string>
		</dict>
		<key>57642311196F8A8A0004F992</key>
		<dict>
			<key>isa</key>
			<string>PBXFileReference</string>
			<key>lastKnownFileType</key>
			<string>sourcecode.c.h</string>
			<key>path</key>
			<string>GAIEcommerceFields.h</string>
			<key>sourceTree</key>
			<string>&lt;group&gt;</string>
		</dict>
		<key>57642312196F8A8A0004F992</key>
		<dict>
			<key>isa</key>
			<string>PBXFileReference</string>
			<key>lastKnownFileType</key>
			<string>sourcecode.c.h</string>
			<key>path</key>
			<string>GAIEcommerceProduct.h</string>
			<key>sourceTree</key>
			<string>&lt;group&gt;</string>
		</dict>
		<key>57642313196F8A8A0004F992</key>
		<dict>
			<key>isa</key>
			<string>PBXFileReference</string>
			<key>lastKnownFileType</key>
			<string>sourcecode.c.h</string>
			<key>path</key>
			<string>GAIEcommerceProductAction.h</string>
			<key>sourceTree</key>
			<string>&lt;group&gt;</string>
		</dict>
		<key>57642314196F8A8A0004F992</key>
		<dict>
			<key>isa</key>
			<string>PBXFileReference</string>
			<key>lastKnownFileType</key>
			<string>sourcecode.c.h</string>
			<key>path</key>
			<string>GAIEcommercePromotion.h</string>
			<key>sourceTree</key>
			<string>&lt;group&gt;</string>
		</dict>
		<key>57642315196F8A8A0004F992</key>
		<dict>
			<key>isa</key>
			<string>PBXFileReference</string>
			<key>lastKnownFileType</key>
			<string>sourcecode.c.h</string>
			<key>path</key>
			<string>GAIFields.h</string>
			<key>sourceTree</key>
			<string>&lt;group&gt;</string>
		</dict>
		<key>57642316196F8A8A0004F992</key>
		<dict>
			<key>isa</key>
			<string>PBXFileReference</string>
			<key>lastKnownFileType</key>
			<string>sourcecode.c.h</string>
			<key>path</key>
			<string>GAILogger.h</string>
			<key>sourceTree</key>
			<string>&lt;group&gt;</string>
		</dict>
		<key>57642317196F8A8A0004F992</key>
		<dict>
			<key>isa</key>
			<string>PBXFileReference</string>
			<key>lastKnownFileType</key>
			<string>sourcecode.c.h</string>
			<key>path</key>
			<string>GAITrackedViewController.h</string>
			<key>sourceTree</key>
			<string>&lt;group&gt;</string>
		</dict>
		<key>57642318196F8A8A0004F992</key>
		<dict>
			<key>isa</key>
			<string>PBXFileReference</string>
			<key>lastKnownFileType</key>
			<string>sourcecode.c.h</string>
			<key>path</key>
			<string>GAITracker.h</string>
			<key>sourceTree</key>
			<string>&lt;group&gt;</string>
		</dict>
		<key>57642319196F8AB30004F992</key>
		<dict>
			<key>isa</key>
			<string>PBXFileReference</string>
			<key>lastKnownFileType</key>
			<string>archive.ar</string>
			<key>path</key>
			<string>libAdIdAccess.a</string>
			<key>sourceTree</key>
			<string>&lt;group&gt;</string>
		</dict>
		<key>5764231A196F8AB30004F992</key>
		<dict>
			<key>isa</key>
			<string>PBXFileReference</string>
			<key>lastKnownFileType</key>
			<string>archive.ar</string>
			<key>path</key>
			<string>libGoogleAnalyticsServices.a</string>
			<key>sourceTree</key>
			<string>&lt;group&gt;</string>
		</dict>
		<key>5764231B196F8AB30004F992</key>
		<dict>
			<key>fileRef</key>
			<string>57642319196F8AB30004F992</string>
			<key>isa</key>
			<string>PBXBuildFile</string>
		</dict>
		<key>5764231C196F8AB30004F992</key>
		<dict>
			<key>fileRef</key>
			<string>5764231A196F8AB30004F992</string>
			<key>isa</key>
			<string>PBXBuildFile</string>
		</dict>
		<key>5764231D196F8ABF0004F992</key>
		<dict>
			<key>isa</key>
			<string>PBXFileReference</string>
			<key>lastKnownFileType</key>
			<string>wrapper.framework</string>
			<key>name</key>
			<string>CoreData.framework</string>
			<key>path</key>
			<string>System/Library/Frameworks/CoreData.framework</string>
			<key>sourceTree</key>
			<string>SDKROOT</string>
		</dict>
		<key>5764231E196F8ABF0004F992</key>
		<dict>
			<key>fileRef</key>
			<string>5764231D196F8ABF0004F992</string>
			<key>isa</key>
			<string>PBXBuildFile</string>
		</dict>
		<key>577D21F0198096450000AB51</key>
		<dict>
			<key>isa</key>
			<string>PBXFileReference</string>
			<key>lastKnownFileType</key>
			<string>image.png</string>
			<key>name</key>
			<string>upload_to_cloud-32.png</string>
			<key>path</key>
			<string>../upload_to_cloud-32.png</string>
			<key>sourceTree</key>
			<string>&lt;group&gt;</string>
		</dict>
		<key>577D21F1198096450000AB51</key>
		<dict>
			<key>fileRef</key>
			<string>577D21F0198096450000AB51</string>
			<key>isa</key>
			<string>PBXBuildFile</string>
		</dict>
		<key>577D21F2198096B40000AB51</key>
		<dict>
			<key>isa</key>
			<string>PBXFileReference</string>
			<key>lastKnownFileType</key>
			<string>image.png</string>
			<key>name</key>
			<string>micro-256.png</string>
			<key>path</key>
			<string>../micro-256.png</string>
			<key>sourceTree</key>
			<string>&lt;group&gt;</string>
		</dict>
		<key>577D21F3198096B40000AB51</key>
		<dict>
			<key>fileRef</key>
			<string>577D21F2198096B40000AB51</string>
			<key>isa</key>
			<string>PBXBuildFile</string>
		</dict>
		<key>5780A6D419888C2900E78A10</key>
		<dict>
			<key>isa</key>
			<string>PBXFileReference</string>
			<key>lastKnownFileType</key>
			<string>wrapper.plug-in</string>
			<key>name</key>
			<string>Settings.bundle</string>
			<key>path</key>
			<string>Pigeon/Settings.bundle</string>
			<key>sourceTree</key>
			<string>&lt;group&gt;</string>
		</dict>
		<key>5780A6D519888C2900E78A10</key>
		<dict>
			<key>fileRef</key>
			<string>5780A6D419888C2900E78A10</string>
			<key>isa</key>
			<string>PBXBuildFile</string>
		</dict>
		<key>57934B55196216F800D8BA2C</key>
		<dict>
			<key>fileEncoding</key>
			<string>4</string>
			<key>isa</key>
			<string>PBXFileReference</string>
			<key>lastKnownFileType</key>
			<string>sourcecode.c.h</string>
			<key>path</key>
			<string>ContactsTableViewController.h</string>
			<key>sourceTree</key>
			<string>&lt;group&gt;</string>
		</dict>
		<key>57934B56196216F800D8BA2C</key>
		<dict>
			<key>fileEncoding</key>
			<string>4</string>
			<key>isa</key>
			<string>PBXFileReference</string>
			<key>lastKnownFileType</key>
			<string>sourcecode.c.objc</string>
			<key>path</key>
			<string>ContactsTableViewController.m</string>
			<key>sourceTree</key>
			<string>&lt;group&gt;</string>
		</dict>
		<key>57934B57196216F800D8BA2C</key>
		<dict>
			<key>fileRef</key>
			<string>57934B56196216F800D8BA2C</string>
			<key>isa</key>
			<string>PBXBuildFile</string>
		</dict>
		<key>57934B581962414A00D8BA2C</key>
		<dict>
			<key>fileEncoding</key>
			<string>4</string>
			<key>isa</key>
			<string>PBXFileReference</string>
			<key>lastKnownFileType</key>
			<string>sourcecode.c.h</string>
			<key>path</key>
			<string>ContactSearchTableViewController.h</string>
			<key>sourceTree</key>
			<string>&lt;group&gt;</string>
		</dict>
		<key>57934B591962414A00D8BA2C</key>
		<dict>
			<key>fileEncoding</key>
			<string>4</string>
			<key>isa</key>
			<string>PBXFileReference</string>
			<key>lastKnownFileType</key>
			<string>sourcecode.c.objc</string>
			<key>path</key>
			<string>ContactSearchTableViewController.m</string>
			<key>sourceTree</key>
			<string>&lt;group&gt;</string>
		</dict>
		<key>57934B5A1962414A00D8BA2C</key>
		<dict>
			<key>fileRef</key>
			<string>57934B591962414A00D8BA2C</string>
			<key>isa</key>
			<string>PBXBuildFile</string>
		</dict>
		<key>57AC739C1960FB620079A639</key>
		<dict>
			<key>fileEncoding</key>
			<string>4</string>
			<key>isa</key>
			<string>PBXFileReference</string>
			<key>lastKnownFileType</key>
			<string>sourcecode.c.h</string>
			<key>path</key>
			<string>editContactsTableViewController.h</string>
			<key>sourceTree</key>
			<string>&lt;group&gt;</string>
		</dict>
		<key>57AC739D1960FB620079A639</key>
		<dict>
			<key>fileEncoding</key>
			<string>4</string>
			<key>isa</key>
			<string>PBXFileReference</string>
			<key>lastKnownFileType</key>
			<string>sourcecode.c.objc</string>
			<key>path</key>
			<string>editContactsTableViewController.m</string>
			<key>sourceTree</key>
			<string>&lt;group&gt;</string>
		</dict>
		<key>57AC739E1960FB620079A639</key>
		<dict>
			<key>fileRef</key>
			<string>57AC739D1960FB620079A639</string>
			<key>isa</key>
			<string>PBXBuildFile</string>
		</dict>
		<key>57BABFD719639FF80075117F</key>
		<dict>
			<key>fileEncoding</key>
			<string>4</string>
			<key>isa</key>
			<string>PBXFileReference</string>
			<key>lastKnownFileType</key>
			<string>sourcecode.c.h</string>
			<key>path</key>
			<string>SendMessageTableViewController.h</string>
			<key>sourceTree</key>
			<string>&lt;group&gt;</string>
		</dict>
		<key>57BABFD819639FF80075117F</key>
		<dict>
			<key>fileEncoding</key>
			<string>4</string>
			<key>isa</key>
			<string>PBXFileReference</string>
			<key>lastKnownFileType</key>
			<string>sourcecode.c.objc</string>
			<key>path</key>
			<string>SendMessageTableViewController.m</string>
			<key>sourceTree</key>
			<string>&lt;group&gt;</string>
		</dict>
		<key>57BABFD919639FF80075117F</key>
		<dict>
			<key>fileRef</key>
			<string>57BABFD819639FF80075117F</string>
			<key>isa</key>
			<string>PBXBuildFile</string>
		</dict>
		<key>57BABFDA1963A10A0075117F</key>
		<dict>
			<key>isa</key>
			<string>PBXFileReference</string>
			<key>lastKnownFileType</key>
			<string>wrapper.framework</string>
			<key>name</key>
			<string>AVFoundation.framework</string>
			<key>path</key>
			<string>System/Library/Frameworks/AVFoundation.framework</string>
			<key>sourceTree</key>
			<string>SDKROOT</string>
		</dict>
		<key>57BABFDB1963A10A0075117F</key>
		<dict>
			<key>fileRef</key>
			<string>57BABFDA1963A10A0075117F</string>
			<key>isa</key>
			<string>PBXBuildFile</string>
		</dict>
		<key>57BABFDC1963A1100075117F</key>
		<dict>
			<key>isa</key>
			<string>PBXFileReference</string>
			<key>lastKnownFileType</key>
			<string>wrapper.framework</string>
			<key>name</key>
			<string>AVKit.framework</string>
			<key>path</key>
			<string>System/Library/Frameworks/AVKit.framework</string>
			<key>sourceTree</key>
			<string>SDKROOT</string>
		</dict>
		<key>57C9BFFC195A71B500D8D3EE</key>
		<dict>
			<key>children</key>
			<array>
				<string>57338F7419904C67002AE426</string>
				<string>57C9C00E195A71B500D8D3EE</string>
				<string>57C9C02D195A71B500D8D3EE</string>
				<string>57C9C007195A71B500D8D3EE</string>
				<string>57C9C006195A71B500D8D3EE</string>
				<string>F462909A0FC747CB9B7261DF</string>
			</array>
			<key>isa</key>
			<string>PBXGroup</string>
			<key>sourceTree</key>
			<string>&lt;group&gt;</string>
		</dict>
		<key>57C9BFFD195A71B500D8D3EE</key>
		<dict>
			<key>attributes</key>
			<dict>
				<key>LastUpgradeCheck</key>
				<string>0510</string>
				<key>ORGANIZATIONNAME</key>
				<string>matthewchess</string>
				<key>TargetAttributes</key>
				<dict>
					<key>57C9C004195A71B500D8D3EE</key>
					<dict>
						<key>DevelopmentTeam</key>
						<string>WT24N59ZSA</string>
					</dict>
					<key>57C9C025195A71B500D8D3EE</key>
					<dict>
						<key>TestTargetID</key>
						<string>57C9C004195A71B500D8D3EE</string>
					</dict>
				</dict>
			</dict>
			<key>buildConfigurationList</key>
			<string>57C9C000195A71B500D8D3EE</string>
			<key>compatibilityVersion</key>
			<string>Xcode 3.2</string>
			<key>developmentRegion</key>
			<string>English</string>
			<key>hasScannedForEncodings</key>
			<string>0</string>
			<key>isa</key>
			<string>PBXProject</string>
			<key>knownRegions</key>
			<array>
				<string>en</string>
				<string>Base</string>
			</array>
			<key>mainGroup</key>
			<string>57C9BFFC195A71B500D8D3EE</string>
			<key>productRefGroup</key>
			<string>57C9C006195A71B500D8D3EE</string>
			<key>projectDirPath</key>
			<string></string>
			<key>projectReferences</key>
			<array/>
			<key>projectRoot</key>
			<string></string>
			<key>targets</key>
			<array>
				<string>57C9C004195A71B500D8D3EE</string>
				<string>57C9C025195A71B500D8D3EE</string>
			</array>
		</dict>
		<key>57C9C000195A71B500D8D3EE</key>
		<dict>
			<key>buildConfigurations</key>
			<array>
				<string>57C9C035195A71B500D8D3EE</string>
				<string>57C9C036195A71B500D8D3EE</string>
			</array>
			<key>defaultConfigurationIsVisible</key>
			<string>0</string>
			<key>defaultConfigurationName</key>
			<string>Release</string>
			<key>isa</key>
			<string>XCConfigurationList</string>
		</dict>
		<key>57C9C001195A71B500D8D3EE</key>
		<dict>
			<key>buildActionMask</key>
			<string>2147483647</string>
			<key>files</key>
			<array>
				<string>57934B5A1962414A00D8BA2C</string>
				<string>5700259619A1783D00B354AA</string>
				<string>57F1DDCE195CCEF600DAEB4F</string>
				<string>57C9C01F195A71B500D8D3EE</string>
				<string>57AC739E1960FB620079A639</string>
				<string>57BABFD919639FF80075117F</string>
				<string>57F1DDE9195CE16F00DAEB4F</string>
				<string>57C9C019195A71B500D8D3EE</string>
				<string>57C9C015195A71B500D8D3EE</string>
				<string>57934B57196216F800D8BA2C</string>
				<string>57F1DDE6195CE14B00DAEB4F</string>
				<string>57428D02196B6BE6001C2E70</string>
			</array>
			<key>isa</key>
			<string>PBXSourcesBuildPhase</string>
			<key>runOnlyForDeploymentPostprocessing</key>
			<string>0</string>
		</dict>
		<key>57C9C002195A71B500D8D3EE</key>
		<dict>
			<key>buildActionMask</key>
			<string>2147483647</string>
			<key>files</key>
			<array>
				<string>57FD75D7199DA4CF009C1B7A</string>
				<string>57F1DDD6195CDCBC00DAEB4F</string>
				<string>570A1BE11987138C00493EF2</string>
				<string>57F1DDD8195CDCC900DAEB4F</string>
				<string>57F1DDE2195CDCF900DAEB4F</string>
				<string>5764231E196F8ABF0004F992</string>
				<string>57BABFDB1963A10A0075117F</string>
				<string>57F1DDE0195CDCF100DAEB4F</string>
				<string>5764231B196F8AB30004F992</string>
				<string>57F1DDDE195CDCE900DAEB4F</string>
				<string>57F1DDDC195CDCDF00DAEB4F</string>
				<string>57F1DDDA195CDCD300DAEB4F</string>
				<string>57C9C00B195A71B500D8D3EE</string>
				<string>5764231C196F8AB30004F992</string>
				<string>57F1DDD4195CDCAA00DAEB4F</string>
				<string>57F1DDD2195CDCA200DAEB4F</string>
				<string>57C9C00D195A71B500D8D3EE</string>
				<string>DA3101469B1144E7A2F9230A</string>
			</array>
			<key>isa</key>
			<string>PBXFrameworksBuildPhase</string>
			<key>runOnlyForDeploymentPostprocessing</key>
			<string>0</string>
		</dict>
		<key>57C9C003195A71B500D8D3EE</key>
		<dict>
			<key>buildActionMask</key>
			<string>2147483647</string>
			<key>files</key>
			<array>
				<string>57FF7B7C197F2FBD00655F69</string>
				<string>57FF7B7D197F2FBD00655F69</string>
				<string>57FF7B7B197F2FBD00655F69</string>
				<string>57C9C021195A71B500D8D3EE</string>
				<string>5707A64B19808E12003B6C9C</string>
				<string>57E1A51D199ADF610021FCD7</string>
				<string>5707A64E19808FE8003B6C9C</string>
				<string>57FF7B87197F325D00655F69</string>
				<string>5707A650198090FE003B6C9C</string>
				<string>57FF7B80197F2FBD00655F69</string>
				<string>57FF7B7E197F2FBD00655F69</string>
				<string>57FF7B89197F32A400655F69</string>
				<string>5707A64C19808E12003B6C9C</string>
				<string>5707A64419808CE7003B6C9C</string>
				<string>570A1BE61987300200493EF2</string>
				<string>57FF7B79197F2FBD00655F69</string>
				<string>577D21F3198096B40000AB51</string>
				<string>577D21F1198096450000AB51</string>
				<string>57338F7619904C99002AE426</string>
				<string>57FF7B7A197F2FBD00655F69</string>
				<string>57FF7B7F197F2FBD00655F69</string>
				<string>57C9C013195A71B500D8D3EE</string>
				<string>57C9C01C195A71B500D8D3EE</string>
				<string>5707A64619808DBE003B6C9C</string>
				<string>5780A6D519888C2900E78A10</string>
				<string>57E1A51F199ADF990021FCD7</string>
				<string>5707A64219808C5F003B6C9C</string>
				<string>5707A64A19808E12003B6C9C</string>
			</array>
			<key>isa</key>
			<string>PBXResourcesBuildPhase</string>
			<key>runOnlyForDeploymentPostprocessing</key>
			<string>0</string>
		</dict>
		<key>57C9C004195A71B500D8D3EE</key>
		<dict>
			<key>buildConfigurationList</key>
			<string>57C9C037195A71B500D8D3EE</string>
			<key>buildPhases</key>
			<array>
				<string>C6F86069F7144B978A80E78C</string>
				<string>57C9C001195A71B500D8D3EE</string>
				<string>57C9C002195A71B500D8D3EE</string>
				<string>57C9C003195A71B500D8D3EE</string>
				<string>F376AF4D80224261B233E88C</string>
			</array>
			<key>buildRules</key>
			<array/>
			<key>dependencies</key>
			<array/>
			<key>isa</key>
			<string>PBXNativeTarget</string>
			<key>name</key>
			<string>Pigeon</string>
			<key>productName</key>
			<string>Pigeon</string>
			<key>productReference</key>
			<string>57C9C005195A71B500D8D3EE</string>
			<key>productType</key>
			<string>com.apple.product-type.application</string>
		</dict>
		<key>57C9C005195A71B500D8D3EE</key>
		<dict>
			<key>explicitFileType</key>
			<string>wrapper.application</string>
			<key>includeInIndex</key>
			<string>0</string>
			<key>isa</key>
			<string>PBXFileReference</string>
			<key>path</key>
			<string>Pigeon.app</string>
			<key>sourceTree</key>
			<string>BUILT_PRODUCTS_DIR</string>
		</dict>
		<key>57C9C006195A71B500D8D3EE</key>
		<dict>
			<key>children</key>
			<array>
				<string>57C9C005195A71B500D8D3EE</string>
				<string>57C9C026195A71B500D8D3EE</string>
			</array>
			<key>isa</key>
			<string>PBXGroup</string>
			<key>name</key>
			<string>Products</string>
			<key>sourceTree</key>
			<string>&lt;group&gt;</string>
		</dict>
		<key>57C9C007195A71B500D8D3EE</key>
		<dict>
			<key>children</key>
			<array>
				<string>5764231D196F8ABF0004F992</string>
				<string>57BABFDC1963A1100075117F</string>
				<string>57BABFDA1963A10A0075117F</string>
				<string>57F1DDE1195CDCF900DAEB4F</string>
				<string>57F1DDDF195CDCF100DAEB4F</string>
				<string>57F1DDDD195CDCE900DAEB4F</string>
				<string>57F1DDDB195CDCDF00DAEB4F</string>
				<string>57F1DDD9195CDCD300DAEB4F</string>
				<string>57F1DDD7195CDCC900DAEB4F</string>
				<string>57F1DDD5195CDCBC00DAEB4F</string>
				<string>57F1DDD3195CDCAA00DAEB4F</string>
				<string>57F1DDD1195CDCA200DAEB4F</string>
				<string>57F1DDCF195CDC8800DAEB4F</string>
				<string>57C9C008195A71B500D8D3EE</string>
				<string>57C9C00A195A71B500D8D3EE</string>
				<string>57C9C00C195A71B500D8D3EE</string>
				<string>ED53149338E346E5AFC5A9D9</string>
			</array>
			<key>isa</key>
			<string>PBXGroup</string>
			<key>name</key>
			<string>Frameworks</string>
			<key>sourceTree</key>
			<string>&lt;group&gt;</string>
		</dict>
		<key>57C9C008195A71B500D8D3EE</key>
		<dict>
			<key>isa</key>
			<string>PBXFileReference</string>
			<key>lastKnownFileType</key>
			<string>wrapper.framework</string>
			<key>name</key>
			<string>Foundation.framework</string>
			<key>path</key>
			<string>System/Library/Frameworks/Foundation.framework</string>
			<key>sourceTree</key>
			<string>SDKROOT</string>
		</dict>
		<key>57C9C00A195A71B500D8D3EE</key>
		<dict>
			<key>isa</key>
			<string>PBXFileReference</string>
			<key>lastKnownFileType</key>
			<string>wrapper.framework</string>
			<key>name</key>
			<string>CoreGraphics.framework</string>
			<key>path</key>
			<string>System/Library/Frameworks/CoreGraphics.framework</string>
			<key>sourceTree</key>
			<string>SDKROOT</string>
		</dict>
		<key>57C9C00B195A71B500D8D3EE</key>
		<dict>
			<key>fileRef</key>
			<string>57C9C00A195A71B500D8D3EE</string>
			<key>isa</key>
			<string>PBXBuildFile</string>
		</dict>
		<key>57C9C00C195A71B500D8D3EE</key>
		<dict>
			<key>isa</key>
			<string>PBXFileReference</string>
			<key>lastKnownFileType</key>
			<string>wrapper.framework</string>
			<key>name</key>
			<string>UIKit.framework</string>
			<key>path</key>
			<string>System/Library/Frameworks/UIKit.framework</string>
			<key>sourceTree</key>
			<string>SDKROOT</string>
		</dict>
		<key>57C9C00D195A71B500D8D3EE</key>
		<dict>
			<key>fileRef</key>
			<string>57C9C00C195A71B500D8D3EE</string>
			<key>isa</key>
			<string>PBXBuildFile</string>
		</dict>
		<key>57C9C00E195A71B500D8D3EE</key>
		<dict>
			<key>children</key>
			<array>
				<string>57FF7B81197F300000655F69</string>
				<string>57C9C01A195A71B500D8D3EE</string>
				<string>5700259419A1783D00B354AA</string>
				<string>5700259519A1783D00B354AA</string>
				<string>57428D00196B6BE6001C2E70</string>
				<string>57428D01196B6BE6001C2E70</string>
				<string>57934B581962414A00D8BA2C</string>
				<string>57934B591962414A00D8BA2C</string>
				<string>57AC739C1960FB620079A639</string>
				<string>57AC739D1960FB620079A639</string>
				<string>57934B55196216F800D8BA2C</string>
				<string>57934B56196216F800D8BA2C</string>
				<string>57BABFD719639FF80075117F</string>
				<string>57BABFD819639FF80075117F</string>
				<string>57F1DDE4195CE14B00DAEB4F</string>
				<string>57F1DDE5195CE14B00DAEB4F</string>
				<string>57F1DDE7195CE16F00DAEB4F</string>
				<string>57F1DDE8195CE16F00DAEB4F</string>
				<string>57F1DDCC195CCEF600DAEB4F</string>
				<string>57F1DDCD195CCEF600DAEB4F</string>
				<string>57C9C01D195A71B500D8D3EE</string>
				<string>57C9C01E195A71B500D8D3EE</string>
				<string>57C9C020195A71B500D8D3EE</string>
				<string>57C9C00F195A71B500D8D3EE</string>
			</array>
			<key>isa</key>
			<string>PBXGroup</string>
			<key>path</key>
			<string>Pigeon</string>
			<key>sourceTree</key>
			<string>&lt;group&gt;</string>
		</dict>
		<key>57C9C00F195A71B500D8D3EE</key>
		<dict>
			<key>children</key>
			<array>
				<string>57642319196F8AB30004F992</string>
				<string>5764231A196F8AB30004F992</string>
				<string>5764230F196F8A8A0004F992</string>
				<string>57642310196F8A8A0004F992</string>
				<string>57642311196F8A8A0004F992</string>
				<string>57642312196F8A8A0004F992</string>
				<string>57642313196F8A8A0004F992</string>
				<string>57642314196F8A8A0004F992</string>
				<string>57642315196F8A8A0004F992</string>
				<string>57642316196F8A8A0004F992</string>
				<string>57642317196F8A8A0004F992</string>
				<string>57642318196F8A8A0004F992</string>
				<string>57C9C017195A71B500D8D3EE</string>
				<string>57C9C018195A71B500D8D3EE</string>
				<string>57C9C010195A71B500D8D3EE</string>
				<string>57C9C011195A71B500D8D3EE</string>
				<string>57C9C014195A71B500D8D3EE</string>
				<string>57C9C016195A71B500D8D3EE</string>
			</array>
			<key>isa</key>
			<string>PBXGroup</string>
			<key>name</key>
			<string>Supporting Files</string>
			<key>sourceTree</key>
			<string>&lt;group&gt;</string>
		</dict>
		<key>57C9C010195A71B500D8D3EE</key>
		<dict>
			<key>isa</key>
			<string>PBXFileReference</string>
			<key>lastKnownFileType</key>
			<string>text.plist.xml</string>
			<key>path</key>
			<string>Pigeon-Info.plist</string>
			<key>sourceTree</key>
			<string>&lt;group&gt;</string>
		</dict>
		<key>57C9C011195A71B500D8D3EE</key>
		<dict>
			<key>children</key>
			<array>
				<string>57C9C012195A71B500D8D3EE</string>
			</array>
			<key>isa</key>
			<string>PBXVariantGroup</string>
			<key>name</key>
			<string>InfoPlist.strings</string>
			<key>sourceTree</key>
			<string>&lt;group&gt;</string>
		</dict>
		<key>57C9C012195A71B500D8D3EE</key>
		<dict>
			<key>isa</key>
			<string>PBXFileReference</string>
			<key>lastKnownFileType</key>
			<string>text.plist.strings</string>
			<key>name</key>
			<string>en</string>
			<key>path</key>
			<string>en.lproj/InfoPlist.strings</string>
			<key>sourceTree</key>
			<string>&lt;group&gt;</string>
		</dict>
		<key>57C9C013195A71B500D8D3EE</key>
		<dict>
			<key>fileRef</key>
			<string>57C9C011195A71B500D8D3EE</string>
			<key>isa</key>
			<string>PBXBuildFile</string>
		</dict>
		<key>57C9C014195A71B500D8D3EE</key>
		<dict>
			<key>isa</key>
			<string>PBXFileReference</string>
			<key>lastKnownFileType</key>
			<string>sourcecode.c.objc</string>
			<key>path</key>
			<string>main.m</string>
			<key>sourceTree</key>
			<string>&lt;group&gt;</string>
		</dict>
		<key>57C9C015195A71B500D8D3EE</key>
		<dict>
			<key>fileRef</key>
			<string>57C9C014195A71B500D8D3EE</string>
			<key>isa</key>
			<string>PBXBuildFile</string>
		</dict>
		<key>57C9C016195A71B500D8D3EE</key>
		<dict>
			<key>isa</key>
			<string>PBXFileReference</string>
			<key>lastKnownFileType</key>
			<string>sourcecode.c.h</string>
			<key>path</key>
			<string>Pigeon-Prefix.pch</string>
			<key>sourceTree</key>
			<string>&lt;group&gt;</string>
		</dict>
		<key>57C9C017195A71B500D8D3EE</key>
		<dict>
			<key>isa</key>
			<string>PBXFileReference</string>
			<key>lastKnownFileType</key>
			<string>sourcecode.c.h</string>
			<key>path</key>
			<string>AppDelegate.h</string>
			<key>sourceTree</key>
			<string>&lt;group&gt;</string>
		</dict>
		<key>57C9C018195A71B500D8D3EE</key>
		<dict>
			<key>isa</key>
			<string>PBXFileReference</string>
			<key>lastKnownFileType</key>
			<string>sourcecode.c.objc</string>
			<key>path</key>
			<string>AppDelegate.m</string>
			<key>sourceTree</key>
			<string>&lt;group&gt;</string>
		</dict>
		<key>57C9C019195A71B500D8D3EE</key>
		<dict>
			<key>fileRef</key>
			<string>57C9C018195A71B500D8D3EE</string>
			<key>isa</key>
			<string>PBXBuildFile</string>
		</dict>
		<key>57C9C01A195A71B500D8D3EE</key>
		<dict>
			<key>children</key>
			<array>
				<string>57C9C01B195A71B500D8D3EE</string>
			</array>
			<key>isa</key>
			<string>PBXVariantGroup</string>
			<key>name</key>
			<string>Main.storyboard</string>
			<key>sourceTree</key>
			<string>&lt;group&gt;</string>
		</dict>
		<key>57C9C01B195A71B500D8D3EE</key>
		<dict>
			<key>isa</key>
			<string>PBXFileReference</string>
			<key>lastKnownFileType</key>
			<string>file.storyboard</string>
			<key>name</key>
			<string>Base</string>
			<key>path</key>
			<string>Base.lproj/Main.storyboard</string>
			<key>sourceTree</key>
			<string>&lt;group&gt;</string>
		</dict>
		<key>57C9C01C195A71B500D8D3EE</key>
		<dict>
			<key>fileRef</key>
			<string>57C9C01A195A71B500D8D3EE</string>
			<key>isa</key>
			<string>PBXBuildFile</string>
		</dict>
		<key>57C9C01D195A71B500D8D3EE</key>
		<dict>
			<key>isa</key>
			<string>PBXFileReference</string>
			<key>lastKnownFileType</key>
			<string>sourcecode.c.h</string>
			<key>path</key>
			<string>ViewController.h</string>
			<key>sourceTree</key>
			<string>&lt;group&gt;</string>
		</dict>
		<key>57C9C01E195A71B500D8D3EE</key>
		<dict>
			<key>isa</key>
			<string>PBXFileReference</string>
			<key>lastKnownFileType</key>
			<string>sourcecode.c.objc</string>
			<key>path</key>
			<string>ViewController.m</string>
			<key>sourceTree</key>
			<string>&lt;group&gt;</string>
		</dict>
		<key>57C9C01F195A71B500D8D3EE</key>
		<dict>
			<key>fileRef</key>
			<string>57C9C01E195A71B500D8D3EE</string>
			<key>isa</key>
			<string>PBXBuildFile</string>
		</dict>
		<key>57C9C020195A71B500D8D3EE</key>
		<dict>
			<key>isa</key>
			<string>PBXFileReference</string>
			<key>lastKnownFileType</key>
			<string>folder.assetcatalog</string>
			<key>path</key>
			<string>Images.xcassets</string>
			<key>sourceTree</key>
			<string>&lt;group&gt;</string>
		</dict>
		<key>57C9C021195A71B500D8D3EE</key>
		<dict>
			<key>fileRef</key>
			<string>57C9C020195A71B500D8D3EE</string>
			<key>isa</key>
			<string>PBXBuildFile</string>
		</dict>
		<key>57C9C022195A71B500D8D3EE</key>
		<dict>
			<key>buildActionMask</key>
			<string>2147483647</string>
			<key>files</key>
			<array>
				<string>57C9C034195A71B500D8D3EE</string>
			</array>
			<key>isa</key>
			<string>PBXSourcesBuildPhase</string>
			<key>runOnlyForDeploymentPostprocessing</key>
			<string>0</string>
		</dict>
		<key>57C9C023195A71B500D8D3EE</key>
		<dict>
			<key>buildActionMask</key>
			<string>2147483647</string>
			<key>files</key>
			<array>
				<string>57C9C02A195A71B500D8D3EE</string>
				<string>57C9C029195A71B500D8D3EE</string>
			</array>
			<key>isa</key>
			<string>PBXFrameworksBuildPhase</string>
			<key>runOnlyForDeploymentPostprocessing</key>
			<string>0</string>
		</dict>
		<key>57C9C024195A71B500D8D3EE</key>
		<dict>
			<key>buildActionMask</key>
			<string>2147483647</string>
			<key>files</key>
			<array>
				<string>57C9C032195A71B500D8D3EE</string>
			</array>
			<key>isa</key>
			<string>PBXResourcesBuildPhase</string>
			<key>runOnlyForDeploymentPostprocessing</key>
			<string>0</string>
		</dict>
		<key>57C9C025195A71B500D8D3EE</key>
		<dict>
			<key>buildConfigurationList</key>
			<string>57C9C03A195A71B500D8D3EE</string>
			<key>buildPhases</key>
			<array>
				<string>57C9C022195A71B500D8D3EE</string>
				<string>57C9C023195A71B500D8D3EE</string>
				<string>57C9C024195A71B500D8D3EE</string>
			</array>
			<key>buildRules</key>
			<array/>
			<key>dependencies</key>
			<array>
				<string>57C9C02C195A71B500D8D3EE</string>
			</array>
			<key>isa</key>
			<string>PBXNativeTarget</string>
			<key>name</key>
			<string>PigeonTests</string>
			<key>productName</key>
			<string>PigeonTests</string>
			<key>productReference</key>
			<string>57C9C026195A71B500D8D3EE</string>
			<key>productType</key>
			<string>com.apple.product-type.bundle.unit-test</string>
		</dict>
		<key>57C9C026195A71B500D8D3EE</key>
		<dict>
			<key>explicitFileType</key>
			<string>wrapper.cfbundle</string>
			<key>includeInIndex</key>
			<string>0</string>
			<key>isa</key>
			<string>PBXFileReference</string>
			<key>path</key>
			<string>PigeonTests.xctest</string>
			<key>sourceTree</key>
			<string>BUILT_PRODUCTS_DIR</string>
		</dict>
		<key>57C9C029195A71B500D8D3EE</key>
		<dict>
			<key>fileRef</key>
			<string>57C9C008195A71B500D8D3EE</string>
			<key>isa</key>
			<string>PBXBuildFile</string>
		</dict>
		<key>57C9C02A195A71B500D8D3EE</key>
		<dict>
			<key>fileRef</key>
			<string>57C9C00C195A71B500D8D3EE</string>
			<key>isa</key>
			<string>PBXBuildFile</string>
		</dict>
		<key>57C9C02B195A71B500D8D3EE</key>
		<dict>
			<key>containerPortal</key>
			<string>57C9BFFD195A71B500D8D3EE</string>
			<key>isa</key>
			<string>PBXContainerItemProxy</string>
			<key>proxyType</key>
			<string>1</string>
			<key>remoteGlobalIDString</key>
			<string>57C9C004195A71B500D8D3EE</string>
			<key>remoteInfo</key>
			<string>Pigeon</string>
		</dict>
		<key>57C9C02C195A71B500D8D3EE</key>
		<dict>
			<key>isa</key>
			<string>PBXTargetDependency</string>
			<key>target</key>
			<string>57C9C004195A71B500D8D3EE</string>
			<key>targetProxy</key>
			<string>57C9C02B195A71B500D8D3EE</string>
		</dict>
		<key>57C9C02D195A71B500D8D3EE</key>
		<dict>
			<key>children</key>
			<array>
				<string>57C9C033195A71B500D8D3EE</string>
				<string>57C9C02E195A71B500D8D3EE</string>
			</array>
			<key>isa</key>
			<string>PBXGroup</string>
			<key>path</key>
			<string>PigeonTests</string>
			<key>sourceTree</key>
			<string>&lt;group&gt;</string>
		</dict>
		<key>57C9C02E195A71B500D8D3EE</key>
		<dict>
			<key>children</key>
			<array>
				<string>57C9C02F195A71B500D8D3EE</string>
				<string>57C9C030195A71B500D8D3EE</string>
			</array>
			<key>isa</key>
			<string>PBXGroup</string>
			<key>name</key>
			<string>Supporting Files</string>
			<key>sourceTree</key>
			<string>&lt;group&gt;</string>
		</dict>
		<key>57C9C02F195A71B500D8D3EE</key>
		<dict>
			<key>isa</key>
			<string>PBXFileReference</string>
			<key>lastKnownFileType</key>
			<string>text.plist.xml</string>
			<key>path</key>
			<string>PigeonTests-Info.plist</string>
			<key>sourceTree</key>
			<string>&lt;group&gt;</string>
		</dict>
		<key>57C9C030195A71B500D8D3EE</key>
		<dict>
			<key>children</key>
			<array>
				<string>57C9C031195A71B500D8D3EE</string>
			</array>
			<key>isa</key>
			<string>PBXVariantGroup</string>
			<key>name</key>
			<string>InfoPlist.strings</string>
			<key>sourceTree</key>
			<string>&lt;group&gt;</string>
		</dict>
		<key>57C9C031195A71B500D8D3EE</key>
		<dict>
			<key>isa</key>
			<string>PBXFileReference</string>
			<key>lastKnownFileType</key>
			<string>text.plist.strings</string>
			<key>name</key>
			<string>en</string>
			<key>path</key>
			<string>en.lproj/InfoPlist.strings</string>
			<key>sourceTree</key>
			<string>&lt;group&gt;</string>
		</dict>
		<key>57C9C032195A71B500D8D3EE</key>
		<dict>
			<key>fileRef</key>
			<string>57C9C030195A71B500D8D3EE</string>
			<key>isa</key>
			<string>PBXBuildFile</string>
		</dict>
		<key>57C9C033195A71B500D8D3EE</key>
		<dict>
			<key>isa</key>
			<string>PBXFileReference</string>
			<key>lastKnownFileType</key>
			<string>sourcecode.c.objc</string>
			<key>path</key>
			<string>PigeonTests.m</string>
			<key>sourceTree</key>
			<string>&lt;group&gt;</string>
		</dict>
		<key>57C9C034195A71B500D8D3EE</key>
		<dict>
			<key>fileRef</key>
			<string>57C9C033195A71B500D8D3EE</string>
			<key>isa</key>
			<string>PBXBuildFile</string>
		</dict>
		<key>57C9C035195A71B500D8D3EE</key>
		<dict>
			<key>buildSettings</key>
			<dict>
				<key>ALWAYS_SEARCH_USER_PATHS</key>
				<string>NO</string>
				<key>CLANG_CXX_LANGUAGE_STANDARD</key>
				<string>gnu++0x</string>
				<key>CLANG_CXX_LIBRARY</key>
				<string>libc++</string>
				<key>CLANG_ENABLE_MODULES</key>
				<string>YES</string>
				<key>CLANG_ENABLE_OBJC_ARC</key>
				<string>YES</string>
				<key>CLANG_WARN_BOOL_CONVERSION</key>
				<string>YES</string>
				<key>CLANG_WARN_CONSTANT_CONVERSION</key>
				<string>YES</string>
				<key>CLANG_WARN_DIRECT_OBJC_ISA_USAGE</key>
				<string>YES_ERROR</string>
				<key>CLANG_WARN_EMPTY_BODY</key>
				<string>YES</string>
				<key>CLANG_WARN_ENUM_CONVERSION</key>
				<string>YES</string>
				<key>CLANG_WARN_INT_CONVERSION</key>
				<string>YES</string>
				<key>CLANG_WARN_OBJC_ROOT_CLASS</key>
				<string>YES_ERROR</string>
				<key>CLANG_WARN__DUPLICATE_METHOD_MATCH</key>
				<string>YES</string>
				<key>CODE_SIGN_IDENTITY[sdk=iphoneos*]</key>
				<string>iPhone Developer</string>
				<key>COPY_PHASE_STRIP</key>
				<string>NO</string>
				<key>GCC_C_LANGUAGE_STANDARD</key>
				<string>gnu99</string>
				<key>GCC_DYNAMIC_NO_PIC</key>
				<string>NO</string>
				<key>GCC_OPTIMIZATION_LEVEL</key>
				<string>0</string>
				<key>GCC_PREPROCESSOR_DEFINITIONS</key>
				<array>
					<string>DEBUG=1</string>
					<string>$(inherited)</string>
				</array>
				<key>GCC_SYMBOLS_PRIVATE_EXTERN</key>
				<string>NO</string>
				<key>GCC_WARN_64_TO_32_BIT_CONVERSION</key>
				<string>YES</string>
				<key>GCC_WARN_ABOUT_RETURN_TYPE</key>
				<string>YES_ERROR</string>
				<key>GCC_WARN_UNDECLARED_SELECTOR</key>
				<string>YES</string>
				<key>GCC_WARN_UNINITIALIZED_AUTOS</key>
				<string>YES_AGGRESSIVE</string>
				<key>GCC_WARN_UNUSED_FUNCTION</key>
				<string>YES</string>
				<key>GCC_WARN_UNUSED_VARIABLE</key>
				<string>YES</string>
				<key>IPHONEOS_DEPLOYMENT_TARGET</key>
				<string>7.1</string>
				<key>ONLY_ACTIVE_ARCH</key>
				<string>YES</string>
				<key>SDKROOT</key>
				<string>iphoneos</string>
			</dict>
			<key>isa</key>
			<string>XCBuildConfiguration</string>
			<key>name</key>
			<string>Debug</string>
		</dict>
		<key>57C9C036195A71B500D8D3EE</key>
		<dict>
			<key>buildSettings</key>
			<dict>
				<key>ALWAYS_SEARCH_USER_PATHS</key>
				<string>NO</string>
				<key>CLANG_CXX_LANGUAGE_STANDARD</key>
				<string>gnu++0x</string>
				<key>CLANG_CXX_LIBRARY</key>
				<string>libc++</string>
				<key>CLANG_ENABLE_MODULES</key>
				<string>YES</string>
				<key>CLANG_ENABLE_OBJC_ARC</key>
				<string>YES</string>
				<key>CLANG_WARN_BOOL_CONVERSION</key>
				<string>YES</string>
				<key>CLANG_WARN_CONSTANT_CONVERSION</key>
				<string>YES</string>
				<key>CLANG_WARN_DIRECT_OBJC_ISA_USAGE</key>
				<string>YES_ERROR</string>
				<key>CLANG_WARN_EMPTY_BODY</key>
				<string>YES</string>
				<key>CLANG_WARN_ENUM_CONVERSION</key>
				<string>YES</string>
				<key>CLANG_WARN_INT_CONVERSION</key>
				<string>YES</string>
				<key>CLANG_WARN_OBJC_ROOT_CLASS</key>
				<string>YES_ERROR</string>
				<key>CLANG_WARN__DUPLICATE_METHOD_MATCH</key>
				<string>YES</string>
				<key>CODE_SIGN_IDENTITY[sdk=iphoneos*]</key>
				<string>iPhone Developer</string>
				<key>COPY_PHASE_STRIP</key>
				<string>YES</string>
				<key>ENABLE_NS_ASSERTIONS</key>
				<string>NO</string>
				<key>GCC_C_LANGUAGE_STANDARD</key>
				<string>gnu99</string>
				<key>GCC_WARN_64_TO_32_BIT_CONVERSION</key>
				<string>YES</string>
				<key>GCC_WARN_ABOUT_RETURN_TYPE</key>
				<string>YES_ERROR</string>
				<key>GCC_WARN_UNDECLARED_SELECTOR</key>
				<string>YES</string>
				<key>GCC_WARN_UNINITIALIZED_AUTOS</key>
				<string>YES_AGGRESSIVE</string>
				<key>GCC_WARN_UNUSED_FUNCTION</key>
				<string>YES</string>
				<key>GCC_WARN_UNUSED_VARIABLE</key>
				<string>YES</string>
				<key>IPHONEOS_DEPLOYMENT_TARGET</key>
				<string>7.1</string>
				<key>SDKROOT</key>
				<string>iphoneos</string>
				<key>VALIDATE_PRODUCT</key>
				<string>YES</string>
			</dict>
			<key>isa</key>
			<string>XCBuildConfiguration</string>
			<key>name</key>
			<string>Release</string>
		</dict>
		<key>57C9C037195A71B500D8D3EE</key>
		<dict>
			<key>buildConfigurations</key>
			<array>
				<string>57C9C038195A71B500D8D3EE</string>
				<string>57C9C039195A71B500D8D3EE</string>
			</array>
			<key>defaultConfigurationIsVisible</key>
			<string>0</string>
			<key>defaultConfigurationName</key>
			<string>Release</string>
			<key>isa</key>
			<string>XCConfigurationList</string>
		</dict>
		<key>57C9C038195A71B500D8D3EE</key>
		<dict>
			<key>baseConfigurationReference</key>
			<string>F462909A0FC747CB9B7261DF</string>
			<key>buildSettings</key>
			<dict>
				<key>ASSETCATALOG_COMPILER_APPICON_NAME</key>
				<string>AppIcon-2</string>
				<key>ASSETCATALOG_COMPILER_LAUNCHIMAGE_NAME</key>
				<string>LaunchImage-2</string>
				<key>CODE_SIGN_IDENTITY</key>
				<string>iPhone Developer</string>
				<key>CODE_SIGN_IDENTITY[sdk=iphoneos*]</key>
				<string>iPhone Developer</string>
				<key>FRAMEWORK_SEARCH_PATHS</key>
				<array>
					<string>$(inherited)</string>
					<string>$(PROJECT_DIR)</string>
				</array>
				<key>GCC_PRECOMPILE_PREFIX_HEADER</key>
				<string>YES</string>
				<key>GCC_PREFIX_HEADER</key>
				<string>Pigeon/Pigeon-Prefix.pch</string>
				<key>INFOPLIST_FILE</key>
				<string>Pigeon/Pigeon-Info.plist</string>
				<key>IPHONEOS_DEPLOYMENT_TARGET</key>
				<string>7.1</string>
				<key>LIBRARY_SEARCH_PATHS</key>
				<array>
					<string>$(inherited)</string>
					<string>$(PROJECT_DIR)/Pigeon</string>
				</array>
				<key>PRODUCT_NAME</key>
				<string>$(TARGET_NAME)</string>
				<key>PROVISIONING_PROFILE</key>
				<string></string>
				<key>WRAPPER_EXTENSION</key>
				<string>app</string>
			</dict>
			<key>isa</key>
			<string>XCBuildConfiguration</string>
			<key>name</key>
			<string>Debug</string>
		</dict>
		<key>57C9C039195A71B500D8D3EE</key>
		<dict>
			<key>baseConfigurationReference</key>
			<string>F462909A0FC747CB9B7261DF</string>
			<key>buildSettings</key>
			<dict>
				<key>ASSETCATALOG_COMPILER_APPICON_NAME</key>
				<string>AppIcon-2</string>
				<key>ASSETCATALOG_COMPILER_LAUNCHIMAGE_NAME</key>
				<string>LaunchImage-2</string>
				<key>CODE_SIGN_IDENTITY</key>
				<string>iPhone Developer</string>
				<key>CODE_SIGN_IDENTITY[sdk=iphoneos*]</key>
				<string>iPhone Developer</string>
				<key>FRAMEWORK_SEARCH_PATHS</key>
				<array>
					<string>$(inherited)</string>
					<string>$(PROJECT_DIR)</string>
				</array>
				<key>GCC_PRECOMPILE_PREFIX_HEADER</key>
				<string>YES</string>
				<key>GCC_PREFIX_HEADER</key>
				<string>Pigeon/Pigeon-Prefix.pch</string>
				<key>INFOPLIST_FILE</key>
				<string>Pigeon/Pigeon-Info.plist</string>
				<key>IPHONEOS_DEPLOYMENT_TARGET</key>
				<string>7.1</string>
				<key>LIBRARY_SEARCH_PATHS</key>
				<array>
					<string>$(inherited)</string>
					<string>$(PROJECT_DIR)/Pigeon</string>
				</array>
				<key>PRODUCT_NAME</key>
				<string>$(TARGET_NAME)</string>
				<key>PROVISIONING_PROFILE</key>
				<string></string>
				<key>WRAPPER_EXTENSION</key>
				<string>app</string>
			</dict>
			<key>isa</key>
			<string>XCBuildConfiguration</string>
			<key>name</key>
			<string>Release</string>
		</dict>
		<key>57C9C03A195A71B500D8D3EE</key>
		<dict>
			<key>buildConfigurations</key>
			<array>
				<string>57C9C03B195A71B500D8D3EE</string>
				<string>57C9C03C195A71B500D8D3EE</string>
			</array>
			<key>defaultConfigurationIsVisible</key>
			<string>0</string>
			<key>defaultConfigurationName</key>
			<string>Release</string>
			<key>isa</key>
			<string>XCConfigurationList</string>
		</dict>
		<key>57C9C03B195A71B500D8D3EE</key>
		<dict>
			<key>buildSettings</key>
			<dict>
				<key>BUNDLE_LOADER</key>
				<string>$(BUILT_PRODUCTS_DIR)/Pigeon.app/Pigeon</string>
				<key>FRAMEWORK_SEARCH_PATHS</key>
				<array>
					<string>$(SDKROOT)/Developer/Library/Frameworks</string>
					<string>$(inherited)</string>
					<string>$(DEVELOPER_FRAMEWORKS_DIR)</string>
				</array>
				<key>GCC_PRECOMPILE_PREFIX_HEADER</key>
				<string>YES</string>
				<key>GCC_PREFIX_HEADER</key>
				<string>Pigeon/Pigeon-Prefix.pch</string>
				<key>GCC_PREPROCESSOR_DEFINITIONS</key>
				<array>
					<string>DEBUG=1</string>
					<string>$(inherited)</string>
				</array>
				<key>INFOPLIST_FILE</key>
				<string>PigeonTests/PigeonTests-Info.plist</string>
				<key>PRODUCT_NAME</key>
				<string>$(TARGET_NAME)</string>
				<key>TEST_HOST</key>
				<string>$(BUNDLE_LOADER)</string>
				<key>WRAPPER_EXTENSION</key>
				<string>xctest</string>
			</dict>
			<key>isa</key>
			<string>XCBuildConfiguration</string>
			<key>name</key>
			<string>Debug</string>
		</dict>
		<key>57C9C03C195A71B500D8D3EE</key>
		<dict>
			<key>buildSettings</key>
			<dict>
				<key>BUNDLE_LOADER</key>
				<string>$(BUILT_PRODUCTS_DIR)/Pigeon.app/Pigeon</string>
				<key>FRAMEWORK_SEARCH_PATHS</key>
				<array>
					<string>$(SDKROOT)/Developer/Library/Frameworks</string>
					<string>$(inherited)</string>
					<string>$(DEVELOPER_FRAMEWORKS_DIR)</string>
				</array>
				<key>GCC_PRECOMPILE_PREFIX_HEADER</key>
				<string>YES</string>
				<key>GCC_PREFIX_HEADER</key>
				<string>Pigeon/Pigeon-Prefix.pch</string>
				<key>INFOPLIST_FILE</key>
				<string>PigeonTests/PigeonTests-Info.plist</string>
				<key>PRODUCT_NAME</key>
				<string>$(TARGET_NAME)</string>
				<key>TEST_HOST</key>
				<string>$(BUNDLE_LOADER)</string>
				<key>WRAPPER_EXTENSION</key>
				<string>xctest</string>
			</dict>
			<key>isa</key>
			<string>XCBuildConfiguration</string>
			<key>name</key>
			<string>Release</string>
		</dict>
		<key>57E1A51C199ADF610021FCD7</key>
		<dict>
			<key>isa</key>
			<string>PBXFileReference</string>
			<key>lastKnownFileType</key>
			<string>image.png</string>
			<key>path</key>
			<string>sent-32.png</string>
			<key>sourceTree</key>
			<string>&lt;group&gt;</string>
		</dict>
		<key>57E1A51D199ADF610021FCD7</key>
		<dict>
			<key>fileRef</key>
			<string>57E1A51C199ADF610021FCD7</string>
			<key>isa</key>
			<string>PBXBuildFile</string>
		</dict>
		<key>57E1A51E199ADF990021FCD7</key>
		<dict>
			<key>isa</key>
			<string>PBXFileReference</string>
			<key>lastKnownFileType</key>
			<string>image.png</string>
			<key>path</key>
			<string>update-32.png</string>
			<key>sourceTree</key>
			<string>&lt;group&gt;</string>
		</dict>
		<key>57E1A51F199ADF990021FCD7</key>
		<dict>
			<key>fileRef</key>
			<string>57E1A51E199ADF990021FCD7</string>
			<key>isa</key>
			<string>PBXBuildFile</string>
		</dict>
		<key>57F1DDCC195CCEF600DAEB4F</key>
		<dict>
			<key>fileEncoding</key>
			<string>4</string>
			<key>isa</key>
			<string>PBXFileReference</string>
			<key>lastKnownFileType</key>
			<string>sourcecode.c.h</string>
			<key>path</key>
			<string>InboxTableViewController.h</string>
			<key>sourceTree</key>
			<string>&lt;group&gt;</string>
		</dict>
		<key>57F1DDCD195CCEF600DAEB4F</key>
		<dict>
			<key>fileEncoding</key>
			<string>4</string>
			<key>isa</key>
			<string>PBXFileReference</string>
			<key>lastKnownFileType</key>
			<string>sourcecode.c.objc</string>
			<key>path</key>
			<string>InboxTableViewController.m</string>
			<key>sourceTree</key>
			<string>&lt;group&gt;</string>
		</dict>
		<key>57F1DDCE195CCEF600DAEB4F</key>
		<dict>
			<key>fileRef</key>
			<string>57F1DDCD195CCEF600DAEB4F</string>
			<key>isa</key>
			<string>PBXBuildFile</string>
		</dict>
		<key>57F1DDCF195CDC8800DAEB4F</key>
		<dict>
			<key>isa</key>
			<string>PBXFileReference</string>
			<key>lastKnownFileType</key>
			<string>wrapper.framework</string>
			<key>path</key>
			<string>Parse.framework</string>
			<key>sourceTree</key>
			<string>&lt;group&gt;</string>
		</dict>
		<key>57F1DDD1195CDCA200DAEB4F</key>
		<dict>
			<key>isa</key>
			<string>PBXFileReference</string>
			<key>lastKnownFileType</key>
			<string>wrapper.framework</string>
			<key>name</key>
			<string>AudioToolbox.framework</string>
			<key>path</key>
			<string>System/Library/Frameworks/AudioToolbox.framework</string>
			<key>sourceTree</key>
			<string>SDKROOT</string>
		</dict>
		<key>57F1DDD2195CDCA200DAEB4F</key>
		<dict>
			<key>fileRef</key>
			<string>57F1DDD1195CDCA200DAEB4F</string>
			<key>isa</key>
			<string>PBXBuildFile</string>
		</dict>
		<key>57F1DDD3195CDCAA00DAEB4F</key>
		<dict>
			<key>isa</key>
			<string>PBXFileReference</string>
			<key>lastKnownFileType</key>
			<string>wrapper.framework</string>
			<key>name</key>
			<string>CFNetwork.framework</string>
			<key>path</key>
			<string>System/Library/Frameworks/CFNetwork.framework</string>
			<key>sourceTree</key>
			<string>SDKROOT</string>
		</dict>
		<key>57F1DDD4195CDCAA00DAEB4F</key>
		<dict>
			<key>fileRef</key>
			<string>57F1DDD3195CDCAA00DAEB4F</string>
			<key>isa</key>
			<string>PBXBuildFile</string>
		</dict>
		<key>57F1DDD5195CDCBC00DAEB4F</key>
		<dict>
			<key>isa</key>
			<string>PBXFileReference</string>
			<key>lastKnownFileType</key>
			<string>wrapper.framework</string>
			<key>name</key>
			<string>CoreLocation.framework</string>
			<key>path</key>
			<string>System/Library/Frameworks/CoreLocation.framework</string>
			<key>sourceTree</key>
			<string>SDKROOT</string>
		</dict>
		<key>57F1DDD6195CDCBC00DAEB4F</key>
		<dict>
			<key>fileRef</key>
			<string>57F1DDD5195CDCBC00DAEB4F</string>
			<key>isa</key>
			<string>PBXBuildFile</string>
		</dict>
		<key>57F1DDD7195CDCC900DAEB4F</key>
		<dict>
			<key>isa</key>
			<string>PBXFileReference</string>
			<key>lastKnownFileType</key>
			<string>compiled.mach-o.dylib</string>
			<key>name</key>
			<string>libz.dylib</string>
			<key>path</key>
			<string>usr/lib/libz.dylib</string>
			<key>sourceTree</key>
			<string>SDKROOT</string>
		</dict>
		<key>57F1DDD8195CDCC900DAEB4F</key>
		<dict>
			<key>fileRef</key>
			<string>57F1DDD7195CDCC900DAEB4F</string>
			<key>isa</key>
			<string>PBXBuildFile</string>
		</dict>
		<key>57F1DDD9195CDCD300DAEB4F</key>
		<dict>
			<key>isa</key>
			<string>PBXFileReference</string>
			<key>lastKnownFileType</key>
			<string>wrapper.framework</string>
			<key>name</key>
			<string>MobileCoreServices.framework</string>
			<key>path</key>
			<string>System/Library/Frameworks/MobileCoreServices.framework</string>
			<key>sourceTree</key>
			<string>SDKROOT</string>
		</dict>
		<key>57F1DDDA195CDCD300DAEB4F</key>
		<dict>
			<key>fileRef</key>
			<string>57F1DDD9195CDCD300DAEB4F</string>
			<key>isa</key>
			<string>PBXBuildFile</string>
		</dict>
		<key>57F1DDDB195CDCDF00DAEB4F</key>
		<dict>
			<key>isa</key>
			<string>PBXFileReference</string>
			<key>lastKnownFileType</key>
			<string>wrapper.framework</string>
			<key>name</key>
			<string>QuartzCore.framework</string>
			<key>path</key>
			<string>System/Library/Frameworks/QuartzCore.framework</string>
			<key>sourceTree</key>
			<string>SDKROOT</string>
		</dict>
		<key>57F1DDDC195CDCDF00DAEB4F</key>
		<dict>
			<key>fileRef</key>
			<string>57F1DDDB195CDCDF00DAEB4F</string>
			<key>isa</key>
			<string>PBXBuildFile</string>
		</dict>
		<key>57F1DDDD195CDCE900DAEB4F</key>
		<dict>
			<key>isa</key>
			<string>PBXFileReference</string>
			<key>lastKnownFileType</key>
			<string>wrapper.framework</string>
			<key>name</key>
			<string>Security.framework</string>
			<key>path</key>
			<string>System/Library/Frameworks/Security.framework</string>
			<key>sourceTree</key>
			<string>SDKROOT</string>
		</dict>
		<key>57F1DDDE195CDCE900DAEB4F</key>
		<dict>
			<key>fileRef</key>
			<string>57F1DDDD195CDCE900DAEB4F</string>
			<key>isa</key>
			<string>PBXBuildFile</string>
		</dict>
		<key>57F1DDDF195CDCF100DAEB4F</key>
		<dict>
			<key>isa</key>
			<string>PBXFileReference</string>
			<key>lastKnownFileType</key>
			<string>wrapper.framework</string>
			<key>name</key>
			<string>StoreKit.framework</string>
			<key>path</key>
			<string>System/Library/Frameworks/StoreKit.framework</string>
			<key>sourceTree</key>
			<string>SDKROOT</string>
		</dict>
		<key>57F1DDE0195CDCF100DAEB4F</key>
		<dict>
			<key>fileRef</key>
			<string>57F1DDDF195CDCF100DAEB4F</string>
			<key>isa</key>
			<string>PBXBuildFile</string>
		</dict>
		<key>57F1DDE1195CDCF900DAEB4F</key>
		<dict>
			<key>isa</key>
			<string>PBXFileReference</string>
			<key>lastKnownFileType</key>
			<string>wrapper.framework</string>
			<key>name</key>
			<string>SystemConfiguration.framework</string>
			<key>path</key>
			<string>System/Library/Frameworks/SystemConfiguration.framework</string>
			<key>sourceTree</key>
			<string>SDKROOT</string>
		</dict>
		<key>57F1DDE2195CDCF900DAEB4F</key>
		<dict>
			<key>fileRef</key>
			<string>57F1DDE1195CDCF900DAEB4F</string>
			<key>isa</key>
			<string>PBXBuildFile</string>
		</dict>
		<key>57F1DDE4195CE14B00DAEB4F</key>
		<dict>
			<key>fileEncoding</key>
			<string>4</string>
			<key>isa</key>
			<string>PBXFileReference</string>
			<key>lastKnownFileType</key>
			<string>sourcecode.c.h</string>
			<key>path</key>
			<string>LoginViewController.h</string>
			<key>sourceTree</key>
			<string>&lt;group&gt;</string>
		</dict>
		<key>57F1DDE5195CE14B00DAEB4F</key>
		<dict>
			<key>fileEncoding</key>
			<string>4</string>
			<key>isa</key>
			<string>PBXFileReference</string>
			<key>lastKnownFileType</key>
			<string>sourcecode.c.objc</string>
			<key>path</key>
			<string>LoginViewController.m</string>
			<key>sourceTree</key>
			<string>&lt;group&gt;</string>
		</dict>
		<key>57F1DDE6195CE14B00DAEB4F</key>
		<dict>
			<key>fileRef</key>
			<string>57F1DDE5195CE14B00DAEB4F</string>
			<key>isa</key>
			<string>PBXBuildFile</string>
		</dict>
		<key>57F1DDE7195CE16F00DAEB4F</key>
		<dict>
			<key>fileEncoding</key>
			<string>4</string>
			<key>isa</key>
			<string>PBXFileReference</string>
			<key>lastKnownFileType</key>
			<string>sourcecode.c.h</string>
			<key>path</key>
			<string>SignUpViewController.h</string>
			<key>sourceTree</key>
			<string>&lt;group&gt;</string>
		</dict>
		<key>57F1DDE8195CE16F00DAEB4F</key>
		<dict>
			<key>fileEncoding</key>
			<string>4</string>
			<key>isa</key>
			<string>PBXFileReference</string>
			<key>lastKnownFileType</key>
			<string>sourcecode.c.objc</string>
			<key>path</key>
			<string>SignUpViewController.m</string>
			<key>sourceTree</key>
			<string>&lt;group&gt;</string>
		</dict>
		<key>57F1DDE9195CE16F00DAEB4F</key>
		<dict>
			<key>fileRef</key>
			<string>57F1DDE8195CE16F00DAEB4F</string>
			<key>isa</key>
			<string>PBXBuildFile</string>
		</dict>
		<key>57FD75D7199DA4CF009C1B7A</key>
		<dict>
			<key>fileRef</key>
			<string>57F1DDCF195CDC8800DAEB4F</string>
			<key>isa</key>
			<string>PBXBuildFile</string>
		</dict>
		<key>57FF7B71197F2FBD00655F69</key>
		<dict>
			<key>isa</key>
			<string>PBXFileReference</string>
			<key>lastKnownFileType</key>
			<string>image.png</string>
			<key>path</key>
			<string>Icon-60.png</string>
			<key>sourceTree</key>
			<string>&lt;group&gt;</string>
		</dict>
		<key>57FF7B72197F2FBD00655F69</key>
		<dict>
			<key>isa</key>
			<string>PBXFileReference</string>
			<key>lastKnownFileType</key>
			<string>image.png</string>
			<key>path</key>
			<string>Icon-60@2x.png</string>
			<key>sourceTree</key>
			<string>&lt;group&gt;</string>
		</dict>
		<key>57FF7B73197F2FBD00655F69</key>
		<dict>
			<key>isa</key>
			<string>PBXFileReference</string>
			<key>lastKnownFileType</key>
			<string>image.png</string>
			<key>path</key>
			<string>Icon-76.png</string>
			<key>sourceTree</key>
			<string>&lt;group&gt;</string>
		</dict>
		<key>57FF7B74197F2FBD00655F69</key>
		<dict>
			<key>isa</key>
			<string>PBXFileReference</string>
			<key>lastKnownFileType</key>
			<string>image.png</string>
			<key>path</key>
			<string>Icon-76@2x.png</string>
			<key>sourceTree</key>
			<string>&lt;group&gt;</string>
		</dict>
		<key>57FF7B75197F2FBD00655F69</key>
		<dict>
			<key>isa</key>
			<string>PBXFileReference</string>
			<key>lastKnownFileType</key>
			<string>image.png</string>
			<key>path</key>
			<string>Icon-Small-40.png</string>
			<key>sourceTree</key>
			<string>&lt;group&gt;</string>
		</dict>
		<key>57FF7B76197F2FBD00655F69</key>
		<dict>
			<key>isa</key>
			<string>PBXFileReference</string>
			<key>lastKnownFileType</key>
			<string>image.png</string>
			<key>path</key>
			<string>Icon-Small-40@2x.png</string>
			<key>sourceTree</key>
			<string>&lt;group&gt;</string>
		</dict>
		<key>57FF7B77197F2FBD00655F69</key>
		<dict>
			<key>isa</key>
			<string>PBXFileReference</string>
			<key>lastKnownFileType</key>
			<string>image.png</string>
			<key>path</key>
			<string>Icon-Small.png</string>
			<key>sourceTree</key>
			<string>&lt;group&gt;</string>
		</dict>
		<key>57FF7B78197F2FBD00655F69</key>
		<dict>
			<key>isa</key>
			<string>PBXFileReference</string>
			<key>lastKnownFileType</key>
			<string>image.png</string>
			<key>path</key>
			<string>Icon-Small@2x.png</string>
			<key>sourceTree</key>
			<string>&lt;group&gt;</string>
		</dict>
		<key>57FF7B79197F2FBD00655F69</key>
		<dict>
			<key>fileRef</key>
			<string>57FF7B71197F2FBD00655F69</string>
			<key>isa</key>
			<string>PBXBuildFile</string>
		</dict>
		<key>57FF7B7A197F2FBD00655F69</key>
		<dict>
			<key>fileRef</key>
			<string>57FF7B72197F2FBD00655F69</string>
			<key>isa</key>
			<string>PBXBuildFile</string>
		</dict>
		<key>57FF7B7B197F2FBD00655F69</key>
		<dict>
			<key>fileRef</key>
			<string>57FF7B73197F2FBD00655F69</string>
			<key>isa</key>
			<string>PBXBuildFile</string>
		</dict>
		<key>57FF7B7C197F2FBD00655F69</key>
		<dict>
			<key>fileRef</key>
			<string>57FF7B74197F2FBD00655F69</string>
			<key>isa</key>
			<string>PBXBuildFile</string>
		</dict>
		<key>57FF7B7D197F2FBD00655F69</key>
		<dict>
			<key>fileRef</key>
			<string>57FF7B75197F2FBD00655F69</string>
			<key>isa</key>
			<string>PBXBuildFile</string>
		</dict>
		<key>57FF7B7E197F2FBD00655F69</key>
		<dict>
			<key>fileRef</key>
			<string>57FF7B76197F2FBD00655F69</string>
			<key>isa</key>
			<string>PBXBuildFile</string>
		</dict>
		<key>57FF7B7F197F2FBD00655F69</key>
		<dict>
			<key>fileRef</key>
			<string>57FF7B77197F2FBD00655F69</string>
			<key>isa</key>
			<string>PBXBuildFile</string>
		</dict>
		<key>57FF7B80197F2FBD00655F69</key>
		<dict>
			<key>fileRef</key>
			<string>57FF7B78197F2FBD00655F69</string>
			<key>isa</key>
			<string>PBXBuildFile</string>
		</dict>
		<key>57FF7B81197F300000655F69</key>
		<dict>
			<key>children</key>
			<array>
				<string>57E1A51E199ADF990021FCD7</string>
				<string>57E1A51C199ADF610021FCD7</string>
				<string>570A1BE51987300200493EF2</string>
				<string>5707A64119808C5F003B6C9C</string>
				<string>577D21F2198096B40000AB51</string>
				<string>577D21F0198096450000AB51</string>
				<string>5707A64F198090FE003B6C9C</string>
				<string>5707A64D19808FE8003B6C9C</string>
				<string>5707A64719808E12003B6C9C</string>
				<string>5707A64819808E12003B6C9C</string>
				<string>5707A64919808E12003B6C9C</string>
				<string>5707A64519808DBE003B6C9C</string>
				<string>5707A64319808CE7003B6C9C</string>
				<string>57FF7B88197F32A400655F69</string>
				<string>57FF7B85197F325D00655F69</string>
				<string>57FF7B71197F2FBD00655F69</string>
				<string>57FF7B72197F2FBD00655F69</string>
				<string>57FF7B73197F2FBD00655F69</string>
				<string>57FF7B74197F2FBD00655F69</string>
				<string>57FF7B75197F2FBD00655F69</string>
				<string>57FF7B76197F2FBD00655F69</string>
				<string>57FF7B77197F2FBD00655F69</string>
				<string>57FF7B78197F2FBD00655F69</string>
			</array>
			<key>isa</key>
			<string>PBXGroup</string>
			<key>name</key>
			<string>Images</string>
			<key>sourceTree</key>
			<string>&lt;group&gt;</string>
		</dict>
		<key>57FF7B85197F325D00655F69</key>
		<dict>
			<key>isa</key>
			<string>PBXFileReference</string>
			<key>lastKnownFileType</key>
			<string>image.png</string>
			<key>path</key>
			<string>1136_piegon_launch.png</string>
			<key>sourceTree</key>
			<string>&lt;group&gt;</string>
		</dict>
		<key>57FF7B87197F325D00655F69</key>
		<dict>
			<key>fileRef</key>
			<string>57FF7B85197F325D00655F69</string>
			<key>isa</key>
			<string>PBXBuildFile</string>
		</dict>
		<key>57FF7B88197F32A400655F69</key>
		<dict>
			<key>isa</key>
			<string>PBXFileReference</string>
			<key>lastKnownFileType</key>
			<string>image.png</string>
			<key>path</key>
			<string>960_piegon_launch.png</string>
			<key>sourceTree</key>
			<string>&lt;group&gt;</string>
		</dict>
		<key>57FF7B89197F32A400655F69</key>
		<dict>
			<key>fileRef</key>
			<string>57FF7B88197F32A400655F69</string>
			<key>isa</key>
			<string>PBXBuildFile</string>
		</dict>
		<key>C6F86069F7144B978A80E78C</key>
		<dict>
			<key>buildActionMask</key>
			<string>2147483647</string>
			<key>files</key>
			<array/>
			<key>inputPaths</key>
			<array/>
			<key>isa</key>
			<string>PBXShellScriptBuildPhase</string>
			<key>name</key>
			<string>Check Pods Manifest.lock</string>
			<key>outputPaths</key>
			<array/>
			<key>runOnlyForDeploymentPostprocessing</key>
			<string>0</string>
			<key>shellPath</key>
			<string>/bin/sh</string>
			<key>shellScript</key>
			<string>diff "${PODS_ROOT}/../Podfile.lock" "${PODS_ROOT}/Manifest.lock" &gt; /dev/null
if [[ $? != 0 ]] ; then
    cat &lt;&lt; EOM
error: The sandbox is not in sync with the Podfile.lock. Run 'pod install' or update your CocoaPods installation.
EOM
    exit 1
fi
</string>
			<key>showEnvVarsInLog</key>
			<string>0</string>
		</dict>
		<key>DA3101469B1144E7A2F9230A</key>
		<dict>
			<key>fileRef</key>
			<string>ED53149338E346E5AFC5A9D9</string>
			<key>isa</key>
			<string>PBXBuildFile</string>
		</dict>
		<key>ED53149338E346E5AFC5A9D9</key>
		<dict>
			<key>explicitFileType</key>
			<string>archive.ar</string>
			<key>includeInIndex</key>
			<string>0</string>
			<key>isa</key>
			<string>PBXFileReference</string>
			<key>path</key>
			<string>libPods-Pigeon.a</string>
			<key>sourceTree</key>
			<string>BUILT_PRODUCTS_DIR</string>
		</dict>
		<key>F376AF4D80224261B233E88C</key>
		<dict>
			<key>buildActionMask</key>
			<string>2147483647</string>
			<key>files</key>
			<array/>
			<key>inputPaths</key>
			<array/>
			<key>isa</key>
			<string>PBXShellScriptBuildPhase</string>
			<key>name</key>
			<string>Copy Pods Resources</string>
			<key>outputPaths</key>
			<array/>
			<key>runOnlyForDeploymentPostprocessing</key>
			<string>0</string>
			<key>shellPath</key>
			<string>/bin/sh</string>
			<key>shellScript</key>
			<string>"${SRCROOT}/Pods/Pods-Pigeon-resources.sh"
</string>
			<key>showEnvVarsInLog</key>
			<string>0</string>
		</dict>
		<key>F462909A0FC747CB9B7261DF</key>
		<dict>
			<key>includeInIndex</key>
			<string>1</string>
			<key>isa</key>
			<string>PBXFileReference</string>
			<key>lastKnownFileType</key>
			<string>text.xcconfig</string>
			<key>name</key>
			<string>Pods-Pigeon.xcconfig</string>
			<key>path</key>
			<string>Pods/Pods-Pigeon.xcconfig</string>
			<key>sourceTree</key>
			<string>&lt;group&gt;</string>
		</dict>
	</dict>
	<key>rootObject</key>
	<string>57C9BFFD195A71B500D8D3EE</string>
</dict>
</plist>
