// !$*UTF8*$!
{
	archiveVersion = 1;
	classes = {
	};
	objectVersion = 46;
	objects = {

/* Begin PBXBuildFile section */
		57428D02196B6BE6001C2E70 /* RecordAMessageViewController.m in Sources */ = {isa = PBXBuildFile; fileRef = 57428D01196B6BE6001C2E70 /* RecordAMessageViewController.m */; };
		5764231B196F8AB30004F992 /* libAdIdAccess.a in Frameworks */ = {isa = PBXBuildFile; fileRef = 57642319196F8AB30004F992 /* libAdIdAccess.a */; };
		5764231C196F8AB30004F992 /* libGoogleAnalyticsServices.a in Frameworks */ = {isa = PBXBuildFile; fileRef = 5764231A196F8AB30004F992 /* libGoogleAnalyticsServices.a */; };
		5764231E196F8ABF0004F992 /* CoreData.framework in Frameworks */ = {isa = PBXBuildFile; fileRef = 5764231D196F8ABF0004F992 /* CoreData.framework */; };
		57934B57196216F800D8BA2C /* ContactsTableViewController.m in Sources */ = {isa = PBXBuildFile; fileRef = 57934B56196216F800D8BA2C /* ContactsTableViewController.m */; };
		57934B5A1962414A00D8BA2C /* ContactSearchTableViewController.m in Sources */ = {isa = PBXBuildFile; fileRef = 57934B591962414A00D8BA2C /* ContactSearchTableViewController.m */; };
		57A4837A1974AAB100309C93 /* playMessageViewController.m in Sources */ = {isa = PBXBuildFile; fileRef = 57A483791974AAB100309C93 /* playMessageViewController.m */; };
		57AC739E1960FB620079A639 /* editContactsTableViewController.m in Sources */ = {isa = PBXBuildFile; fileRef = 57AC739D1960FB620079A639 /* editContactsTableViewController.m */; };
		57BABFD919639FF80075117F /* SendMessageTableViewController.m in Sources */ = {isa = PBXBuildFile; fileRef = 57BABFD819639FF80075117F /* SendMessageTableViewController.m */; };
		57BABFDB1963A10A0075117F /* AVFoundation.framework in Frameworks */ = {isa = PBXBuildFile; fileRef = 57BABFDA1963A10A0075117F /* AVFoundation.framework */; };
		57C9C00B195A71B500D8D3EE /* CoreGraphics.framework in Frameworks */ = {isa = PBXBuildFile; fileRef = 57C9C00A195A71B500D8D3EE /* CoreGraphics.framework */; };
		57C9C00D195A71B500D8D3EE /* UIKit.framework in Frameworks */ = {isa = PBXBuildFile; fileRef = 57C9C00C195A71B500D8D3EE /* UIKit.framework */; };
		57C9C013195A71B500D8D3EE /* InfoPlist.strings in Resources */ = {isa = PBXBuildFile; fileRef = 57C9C011195A71B500D8D3EE /* InfoPlist.strings */; };
		57C9C015195A71B500D8D3EE /* main.m in Sources */ = {isa = PBXBuildFile; fileRef = 57C9C014195A71B500D8D3EE /* main.m */; };
		57C9C019195A71B500D8D3EE /* AppDelegate.m in Sources */ = {isa = PBXBuildFile; fileRef = 57C9C018195A71B500D8D3EE /* AppDelegate.m */; };
		57C9C01C195A71B500D8D3EE /* Main.storyboard in Resources */ = {isa = PBXBuildFile; fileRef = 57C9C01A195A71B500D8D3EE /* Main.storyboard */; };
		57C9C01F195A71B500D8D3EE /* ViewController.m in Sources */ = {isa = PBXBuildFile; fileRef = 57C9C01E195A71B500D8D3EE /* ViewController.m */; };
		57C9C021195A71B500D8D3EE /* Images.xcassets in Resources */ = {isa = PBXBuildFile; fileRef = 57C9C020195A71B500D8D3EE /* Images.xcassets */; };
		57C9C028195A71B500D8D3EE /* XCTest.framework in Frameworks */ = {isa = PBXBuildFile; fileRef = 57C9C027195A71B500D8D3EE /* XCTest.framework */; };
		57C9C029195A71B500D8D3EE /* Foundation.framework in Frameworks */ = {isa = PBXBuildFile; fileRef = 57C9C008195A71B500D8D3EE /* Foundation.framework */; };
		57C9C02A195A71B500D8D3EE /* UIKit.framework in Frameworks */ = {isa = PBXBuildFile; fileRef = 57C9C00C195A71B500D8D3EE /* UIKit.framework */; };
		57C9C032195A71B500D8D3EE /* InfoPlist.strings in Resources */ = {isa = PBXBuildFile; fileRef = 57C9C030195A71B500D8D3EE /* InfoPlist.strings */; };
		57C9C034195A71B500D8D3EE /* PigeonTests.m in Sources */ = {isa = PBXBuildFile; fileRef = 57C9C033195A71B500D8D3EE /* PigeonTests.m */; };
		57F1DDCE195CCEF600DAEB4F /* InboxTableViewController.m in Sources */ = {isa = PBXBuildFile; fileRef = 57F1DDCD195CCEF600DAEB4F /* InboxTableViewController.m */; };
		57F1DDD0195CDC8800DAEB4F /* Parse.framework in Frameworks */ = {isa = PBXBuildFile; fileRef = 57F1DDCF195CDC8800DAEB4F /* Parse.framework */; };
		57F1DDD2195CDCA200DAEB4F /* AudioToolbox.framework in Frameworks */ = {isa = PBXBuildFile; fileRef = 57F1DDD1195CDCA200DAEB4F /* AudioToolbox.framework */; };
		57F1DDD4195CDCAA00DAEB4F /* CFNetwork.framework in Frameworks */ = {isa = PBXBuildFile; fileRef = 57F1DDD3195CDCAA00DAEB4F /* CFNetwork.framework */; };
		57F1DDD6195CDCBC00DAEB4F /* CoreLocation.framework in Frameworks */ = {isa = PBXBuildFile; fileRef = 57F1DDD5195CDCBC00DAEB4F /* CoreLocation.framework */; };
		57F1DDD8195CDCC900DAEB4F /* libz.dylib in Frameworks */ = {isa = PBXBuildFile; fileRef = 57F1DDD7195CDCC900DAEB4F /* libz.dylib */; };
		57F1DDDA195CDCD300DAEB4F /* MobileCoreServices.framework in Frameworks */ = {isa = PBXBuildFile; fileRef = 57F1DDD9195CDCD300DAEB4F /* MobileCoreServices.framework */; };
		57F1DDDC195CDCDF00DAEB4F /* QuartzCore.framework in Frameworks */ = {isa = PBXBuildFile; fileRef = 57F1DDDB195CDCDF00DAEB4F /* QuartzCore.framework */; };
		57F1DDDE195CDCE900DAEB4F /* Security.framework in Frameworks */ = {isa = PBXBuildFile; fileRef = 57F1DDDD195CDCE900DAEB4F /* Security.framework */; };
		57F1DDE0195CDCF100DAEB4F /* StoreKit.framework in Frameworks */ = {isa = PBXBuildFile; fileRef = 57F1DDDF195CDCF100DAEB4F /* StoreKit.framework */; };
		57F1DDE2195CDCF900DAEB4F /* SystemConfiguration.framework in Frameworks */ = {isa = PBXBuildFile; fileRef = 57F1DDE1195CDCF900DAEB4F /* SystemConfiguration.framework */; };
		57F1DDE3195CDEA100DAEB4F /* Foundation.framework in Frameworks */ = {isa = PBXBuildFile; fileRef = 57C9C008195A71B500D8D3EE /* Foundation.framework */; };
		57F1DDE6195CE14B00DAEB4F /* LoginViewController.m in Sources */ = {isa = PBXBuildFile; fileRef = 57F1DDE5195CE14B00DAEB4F /* LoginViewController.m */; };
		57F1DDE9195CE16F00DAEB4F /* SignUpViewController.m in Sources */ = {isa = PBXBuildFile; fileRef = 57F1DDE8195CE16F00DAEB4F /* SignUpViewController.m */; };
/* End PBXBuildFile section */

/* Begin PBXContainerItemProxy section */
		57C9C02B195A71B500D8D3EE /* PBXContainerItemProxy */ = {
			isa = PBXContainerItemProxy;
			containerPortal = 57C9BFFD195A71B500D8D3EE /* Project object */;
			proxyType = 1;
			remoteGlobalIDString = 57C9C004195A71B500D8D3EE;
			remoteInfo = Pigeon;
		};
/* End PBXContainerItemProxy section */

/* Begin PBXFileReference section */
		57428D00196B6BE6001C2E70 /* RecordAMessageViewController.h */ = {isa = PBXFileReference; fileEncoding = 4; lastKnownFileType = sourcecode.c.h; path = RecordAMessageViewController.h; sourceTree = "<group>"; };
		57428D01196B6BE6001C2E70 /* RecordAMessageViewController.m */ = {isa = PBXFileReference; fileEncoding = 4; lastKnownFileType = sourcecode.c.objc; path = RecordAMessageViewController.m; sourceTree = "<group>"; };
		5764230F196F8A8A0004F992 /* GAI.h */ = {isa = PBXFileReference; lastKnownFileType = sourcecode.c.h; path = GAI.h; sourceTree = "<group>"; };
		57642310196F8A8A0004F992 /* GAIDictionaryBuilder.h */ = {isa = PBXFileReference; lastKnownFileType = sourcecode.c.h; path = GAIDictionaryBuilder.h; sourceTree = "<group>"; };
		57642311196F8A8A0004F992 /* GAIEcommerceFields.h */ = {isa = PBXFileReference; lastKnownFileType = sourcecode.c.h; path = GAIEcommerceFields.h; sourceTree = "<group>"; };
		57642312196F8A8A0004F992 /* GAIEcommerceProduct.h */ = {isa = PBXFileReference; lastKnownFileType = sourcecode.c.h; path = GAIEcommerceProduct.h; sourceTree = "<group>"; };
		57642313196F8A8A0004F992 /* GAIEcommerceProductAction.h */ = {isa = PBXFileReference; lastKnownFileType = sourcecode.c.h; path = GAIEcommerceProductAction.h; sourceTree = "<group>"; };
		57642314196F8A8A0004F992 /* GAIEcommercePromotion.h */ = {isa = PBXFileReference; lastKnownFileType = sourcecode.c.h; path = GAIEcommercePromotion.h; sourceTree = "<group>"; };
		57642315196F8A8A0004F992 /* GAIFields.h */ = {isa = PBXFileReference; lastKnownFileType = sourcecode.c.h; path = GAIFields.h; sourceTree = "<group>"; };
		57642316196F8A8A0004F992 /* GAILogger.h */ = {isa = PBXFileReference; lastKnownFileType = sourcecode.c.h; path = GAILogger.h; sourceTree = "<group>"; };
		57642317196F8A8A0004F992 /* GAITrackedViewController.h */ = {isa = PBXFileReference; lastKnownFileType = sourcecode.c.h; path = GAITrackedViewController.h; sourceTree = "<group>"; };
		57642318196F8A8A0004F992 /* GAITracker.h */ = {isa = PBXFileReference; lastKnownFileType = sourcecode.c.h; path = GAITracker.h; sourceTree = "<group>"; };
		57642319196F8AB30004F992 /* libAdIdAccess.a */ = {isa = PBXFileReference; lastKnownFileType = archive.ar; path = libAdIdAccess.a; sourceTree = "<group>"; };
		5764231A196F8AB30004F992 /* libGoogleAnalyticsServices.a */ = {isa = PBXFileReference; lastKnownFileType = archive.ar; path = libGoogleAnalyticsServices.a; sourceTree = "<group>"; };
		5764231D196F8ABF0004F992 /* CoreData.framework */ = {isa = PBXFileReference; lastKnownFileType = wrapper.framework; name = CoreData.framework; path = System/Library/Frameworks/CoreData.framework; sourceTree = SDKROOT; };
		57934B55196216F800D8BA2C /* ContactsTableViewController.h */ = {isa = PBXFileReference; fileEncoding = 4; lastKnownFileType = sourcecode.c.h; path = ContactsTableViewController.h; sourceTree = "<group>"; };
		57934B56196216F800D8BA2C /* ContactsTableViewController.m */ = {isa = PBXFileReference; fileEncoding = 4; lastKnownFileType = sourcecode.c.objc; path = ContactsTableViewController.m; sourceTree = "<group>"; };
		57934B581962414A00D8BA2C /* ContactSearchTableViewController.h */ = {isa = PBXFileReference; fileEncoding = 4; lastKnownFileType = sourcecode.c.h; path = ContactSearchTableViewController.h; sourceTree = "<group>"; };
		57934B591962414A00D8BA2C /* ContactSearchTableViewController.m */ = {isa = PBXFileReference; fileEncoding = 4; lastKnownFileType = sourcecode.c.objc; path = ContactSearchTableViewController.m; sourceTree = "<group>"; };
		57A483781974AAB100309C93 /* playMessageViewController.h */ = {isa = PBXFileReference; fileEncoding = 4; lastKnownFileType = sourcecode.c.h; path = playMessageViewController.h; sourceTree = "<group>"; };
		57A483791974AAB100309C93 /* playMessageViewController.m */ = {isa = PBXFileReference; fileEncoding = 4; lastKnownFileType = sourcecode.c.objc; path = playMessageViewController.m; sourceTree = "<group>"; };
		57AC739C1960FB620079A639 /* editContactsTableViewController.h */ = {isa = PBXFileReference; fileEncoding = 4; lastKnownFileType = sourcecode.c.h; path = editContactsTableViewController.h; sourceTree = "<group>"; };
		57AC739D1960FB620079A639 /* editContactsTableViewController.m */ = {isa = PBXFileReference; fileEncoding = 4; lastKnownFileType = sourcecode.c.objc; path = editContactsTableViewController.m; sourceTree = "<group>"; };
		57BABFD719639FF80075117F /* SendMessageTableViewController.h */ = {isa = PBXFileReference; fileEncoding = 4; lastKnownFileType = sourcecode.c.h; path = SendMessageTableViewController.h; sourceTree = "<group>"; };
		57BABFD819639FF80075117F /* SendMessageTableViewController.m */ = {isa = PBXFileReference; fileEncoding = 4; lastKnownFileType = sourcecode.c.objc; path = SendMessageTableViewController.m; sourceTree = "<group>"; };
		57BABFDA1963A10A0075117F /* AVFoundation.framework */ = {isa = PBXFileReference; lastKnownFileType = wrapper.framework; name = AVFoundation.framework; path = System/Library/Frameworks/AVFoundation.framework; sourceTree = SDKROOT; };
		57BABFDC1963A1100075117F /* AVKit.framework */ = {isa = PBXFileReference; lastKnownFileType = wrapper.framework; name = AVKit.framework; path = System/Library/Frameworks/AVKit.framework; sourceTree = SDKROOT; };
		57C9C005195A71B500D8D3EE /* Pigeon.app */ = {isa = PBXFileReference; explicitFileType = wrapper.application; includeInIndex = 0; path = Pigeon.app; sourceTree = BUILT_PRODUCTS_DIR; };
		57C9C008195A71B500D8D3EE /* Foundation.framework */ = {isa = PBXFileReference; lastKnownFileType = wrapper.framework; name = Foundation.framework; path = System/Library/Frameworks/Foundation.framework; sourceTree = SDKROOT; };
		57C9C00A195A71B500D8D3EE /* CoreGraphics.framework */ = {isa = PBXFileReference; lastKnownFileType = wrapper.framework; name = CoreGraphics.framework; path = System/Library/Frameworks/CoreGraphics.framework; sourceTree = SDKROOT; };
		57C9C00C195A71B500D8D3EE /* UIKit.framework */ = {isa = PBXFileReference; lastKnownFileType = wrapper.framework; name = UIKit.framework; path = System/Library/Frameworks/UIKit.framework; sourceTree = SDKROOT; };
		57C9C010195A71B500D8D3EE /* Pigeon-Info.plist */ = {isa = PBXFileReference; lastKnownFileType = text.plist.xml; path = "Pigeon-Info.plist"; sourceTree = "<group>"; };
		57C9C012195A71B500D8D3EE /* en */ = {isa = PBXFileReference; lastKnownFileType = text.plist.strings; name = en; path = en.lproj/InfoPlist.strings; sourceTree = "<group>"; };
		57C9C014195A71B500D8D3EE /* main.m */ = {isa = PBXFileReference; lastKnownFileType = sourcecode.c.objc; path = main.m; sourceTree = "<group>"; };
		57C9C016195A71B500D8D3EE /* Pigeon-Prefix.pch */ = {isa = PBXFileReference; lastKnownFileType = sourcecode.c.h; path = "Pigeon-Prefix.pch"; sourceTree = "<group>"; };
		57C9C017195A71B500D8D3EE /* AppDelegate.h */ = {isa = PBXFileReference; lastKnownFileType = sourcecode.c.h; path = AppDelegate.h; sourceTree = "<group>"; };
		57C9C018195A71B500D8D3EE /* AppDelegate.m */ = {isa = PBXFileReference; lastKnownFileType = sourcecode.c.objc; path = AppDelegate.m; sourceTree = "<group>"; };
		57C9C01B195A71B500D8D3EE /* Base */ = {isa = PBXFileReference; lastKnownFileType = file.storyboard; name = Base; path = Base.lproj/Main.storyboard; sourceTree = "<group>"; };
		57C9C01D195A71B500D8D3EE /* ViewController.h */ = {isa = PBXFileReference; lastKnownFileType = sourcecode.c.h; path = ViewController.h; sourceTree = "<group>"; };
		57C9C01E195A71B500D8D3EE /* ViewController.m */ = {isa = PBXFileReference; lastKnownFileType = sourcecode.c.objc; path = ViewController.m; sourceTree = "<group>"; };
		57C9C020195A71B500D8D3EE /* Images.xcassets */ = {isa = PBXFileReference; lastKnownFileType = folder.assetcatalog; path = Images.xcassets; sourceTree = "<group>"; };
		57C9C026195A71B500D8D3EE /* PigeonTests.xctest */ = {isa = PBXFileReference; explicitFileType = wrapper.cfbundle; includeInIndex = 0; path = PigeonTests.xctest; sourceTree = BUILT_PRODUCTS_DIR; };
		57C9C027195A71B500D8D3EE /* XCTest.framework */ = {isa = PBXFileReference; lastKnownFileType = wrapper.framework; name = XCTest.framework; path = Library/Frameworks/XCTest.framework; sourceTree = DEVELOPER_DIR; };
		57C9C02F195A71B500D8D3EE /* PigeonTests-Info.plist */ = {isa = PBXFileReference; lastKnownFileType = text.plist.xml; path = "PigeonTests-Info.plist"; sourceTree = "<group>"; };
		57C9C031195A71B500D8D3EE /* en */ = {isa = PBXFileReference; lastKnownFileType = text.plist.strings; name = en; path = en.lproj/InfoPlist.strings; sourceTree = "<group>"; };
		57C9C033195A71B500D8D3EE /* PigeonTests.m */ = {isa = PBXFileReference; lastKnownFileType = sourcecode.c.objc; path = PigeonTests.m; sourceTree = "<group>"; };
		57F1DDCC195CCEF600DAEB4F /* InboxTableViewController.h */ = {isa = PBXFileReference; fileEncoding = 4; lastKnownFileType = sourcecode.c.h; path = InboxTableViewController.h; sourceTree = "<group>"; };
		57F1DDCD195CCEF600DAEB4F /* InboxTableViewController.m */ = {isa = PBXFileReference; fileEncoding = 4; lastKnownFileType = sourcecode.c.objc; path = InboxTableViewController.m; sourceTree = "<group>"; };
		57F1DDCF195CDC8800DAEB4F /* Parse.framework */ = {isa = PBXFileReference; lastKnownFileType = wrapper.framework; path = Parse.framework; sourceTree = "<group>"; };
		57F1DDD1195CDCA200DAEB4F /* AudioToolbox.framework */ = {isa = PBXFileReference; lastKnownFileType = wrapper.framework; name = AudioToolbox.framework; path = System/Library/Frameworks/AudioToolbox.framework; sourceTree = SDKROOT; };
		57F1DDD3195CDCAA00DAEB4F /* CFNetwork.framework */ = {isa = PBXFileReference; lastKnownFileType = wrapper.framework; name = CFNetwork.framework; path = System/Library/Frameworks/CFNetwork.framework; sourceTree = SDKROOT; };
		57F1DDD5195CDCBC00DAEB4F /* CoreLocation.framework */ = {isa = PBXFileReference; lastKnownFileType = wrapper.framework; name = CoreLocation.framework; path = System/Library/Frameworks/CoreLocation.framework; sourceTree = SDKROOT; };
		57F1DDD7195CDCC900DAEB4F /* libz.dylib */ = {isa = PBXFileReference; lastKnownFileType = "compiled.mach-o.dylib"; name = libz.dylib; path = usr/lib/libz.dylib; sourceTree = SDKROOT; };
		57F1DDD9195CDCD300DAEB4F /* MobileCoreServices.framework */ = {isa = PBXFileReference; lastKnownFileType = wrapper.framework; name = MobileCoreServices.framework; path = System/Library/Frameworks/MobileCoreServices.framework; sourceTree = SDKROOT; };
		57F1DDDB195CDCDF00DAEB4F /* QuartzCore.framework */ = {isa = PBXFileReference; lastKnownFileType = wrapper.framework; name = QuartzCore.framework; path = System/Library/Frameworks/QuartzCore.framework; sourceTree = SDKROOT; };
		57F1DDDD195CDCE900DAEB4F /* Security.framework */ = {isa = PBXFileReference; lastKnownFileType = wrapper.framework; name = Security.framework; path = System/Library/Frameworks/Security.framework; sourceTree = SDKROOT; };
		57F1DDDF195CDCF100DAEB4F /* StoreKit.framework */ = {isa = PBXFileReference; lastKnownFileType = wrapper.framework; name = StoreKit.framework; path = System/Library/Frameworks/StoreKit.framework; sourceTree = SDKROOT; };
		57F1DDE1195CDCF900DAEB4F /* SystemConfiguration.framework */ = {isa = PBXFileReference; lastKnownFileType = wrapper.framework; name = SystemConfiguration.framework; path = System/Library/Frameworks/SystemConfiguration.framework; sourceTree = SDKROOT; };
		57F1DDE4195CE14B00DAEB4F /* LoginViewController.h */ = {isa = PBXFileReference; fileEncoding = 4; lastKnownFileType = sourcecode.c.h; path = LoginViewController.h; sourceTree = "<group>"; };
		57F1DDE5195CE14B00DAEB4F /* LoginViewController.m */ = {isa = PBXFileReference; fileEncoding = 4; lastKnownFileType = sourcecode.c.objc; path = LoginViewController.m; sourceTree = "<group>"; };
		57F1DDE7195CE16F00DAEB4F /* SignUpViewController.h */ = {isa = PBXFileReference; fileEncoding = 4; lastKnownFileType = sourcecode.c.h; path = SignUpViewController.h; sourceTree = "<group>"; };
		57F1DDE8195CE16F00DAEB4F /* SignUpViewController.m */ = {isa = PBXFileReference; fileEncoding = 4; lastKnownFileType = sourcecode.c.objc; path = SignUpViewController.m; sourceTree = "<group>"; };
/* End PBXFileReference section */

/* Begin PBXFrameworksBuildPhase section */
		57C9C002195A71B500D8D3EE /* Frameworks */ = {
			isa = PBXFrameworksBuildPhase;
			buildActionMask = 2147483647;
			files = (
				57F1DDD8195CDCC900DAEB4F /* libz.dylib in Frameworks */,
				57F1DDE2195CDCF900DAEB4F /* SystemConfiguration.framework in Frameworks */,
				5764231E196F8ABF0004F992 /* CoreData.framework in Frameworks */,
				57BABFDB1963A10A0075117F /* AVFoundation.framework in Frameworks */,
				57F1DDE3195CDEA100DAEB4F /* Foundation.framework in Frameworks */,
				57F1DDE0195CDCF100DAEB4F /* StoreKit.framework in Frameworks */,
				5764231B196F8AB30004F992 /* libAdIdAccess.a in Frameworks */,
				57F1DDDE195CDCE900DAEB4F /* Security.framework in Frameworks */,
				57F1DDDC195CDCDF00DAEB4F /* QuartzCore.framework in Frameworks */,
				57F1DDDA195CDCD300DAEB4F /* MobileCoreServices.framework in Frameworks */,
				57F1DDD6195CDCBC00DAEB4F /* CoreLocation.framework in Frameworks */,
				57C9C00B195A71B500D8D3EE /* CoreGraphics.framework in Frameworks */,
				5764231C196F8AB30004F992 /* libGoogleAnalyticsServices.a in Frameworks */,
				57F1DDD4195CDCAA00DAEB4F /* CFNetwork.framework in Frameworks */,
				57F1DDD2195CDCA200DAEB4F /* AudioToolbox.framework in Frameworks */,
				57C9C00D195A71B500D8D3EE /* UIKit.framework in Frameworks */,
				57F1DDD0195CDC8800DAEB4F /* Parse.framework in Frameworks */,
			);
			runOnlyForDeploymentPostprocessing = 0;
		};
		57C9C023195A71B500D8D3EE /* Frameworks */ = {
			isa = PBXFrameworksBuildPhase;
			buildActionMask = 2147483647;
			files = (
				57C9C028195A71B500D8D3EE /* XCTest.framework in Frameworks */,
				57C9C02A195A71B500D8D3EE /* UIKit.framework in Frameworks */,
				57C9C029195A71B500D8D3EE /* Foundation.framework in Frameworks */,
			);
			runOnlyForDeploymentPostprocessing = 0;
		};
/* End PBXFrameworksBuildPhase section */

/* Begin PBXGroup section */
		57C9BFFC195A71B500D8D3EE = {
			isa = PBXGroup;
			children = (
				57C9C00E195A71B500D8D3EE /* Pigeon */,
				57C9C02D195A71B500D8D3EE /* PigeonTests */,
				57C9C007195A71B500D8D3EE /* Frameworks */,
				57C9C006195A71B500D8D3EE /* Products */,
			);
			sourceTree = "<group>";
		};
		57C9C006195A71B500D8D3EE /* Products */ = {
			isa = PBXGroup;
			children = (
				57C9C005195A71B500D8D3EE /* Pigeon.app */,
				57C9C026195A71B500D8D3EE /* PigeonTests.xctest */,
			);
			name = Products;
			sourceTree = "<group>";
		};
		57C9C007195A71B500D8D3EE /* Frameworks */ = {
			isa = PBXGroup;
			children = (
				5764231D196F8ABF0004F992 /* CoreData.framework */,
				57BABFDC1963A1100075117F /* AVKit.framework */,
				57BABFDA1963A10A0075117F /* AVFoundation.framework */,
				57F1DDE1195CDCF900DAEB4F /* SystemConfiguration.framework */,
				57F1DDDF195CDCF100DAEB4F /* StoreKit.framework */,
				57F1DDDD195CDCE900DAEB4F /* Security.framework */,
				57F1DDDB195CDCDF00DAEB4F /* QuartzCore.framework */,
				57F1DDD9195CDCD300DAEB4F /* MobileCoreServices.framework */,
				57F1DDD7195CDCC900DAEB4F /* libz.dylib */,
				57F1DDD5195CDCBC00DAEB4F /* CoreLocation.framework */,
				57F1DDD3195CDCAA00DAEB4F /* CFNetwork.framework */,
				57F1DDD1195CDCA200DAEB4F /* AudioToolbox.framework */,
				57F1DDCF195CDC8800DAEB4F /* Parse.framework */,
				57C9C008195A71B500D8D3EE /* Foundation.framework */,
				57C9C00A195A71B500D8D3EE /* CoreGraphics.framework */,
				57C9C00C195A71B500D8D3EE /* UIKit.framework */,
				57C9C027195A71B500D8D3EE /* XCTest.framework */,
			);
			name = Frameworks;
			sourceTree = "<group>";
		};
		57C9C00E195A71B500D8D3EE /* Pigeon */ = {
			isa = PBXGroup;
			children = (
				57642319196F8AB30004F992 /* libAdIdAccess.a */,
				5764231A196F8AB30004F992 /* libGoogleAnalyticsServices.a */,
				57C9C01A195A71B500D8D3EE /* Main.storyboard */,
				57428D00196B6BE6001C2E70 /* RecordAMessageViewController.h */,
				57428D01196B6BE6001C2E70 /* RecordAMessageViewController.m */,
				57934B581962414A00D8BA2C /* ContactSearchTableViewController.h */,
				57934B591962414A00D8BA2C /* ContactSearchTableViewController.m */,
				57AC739C1960FB620079A639 /* editContactsTableViewController.h */,
				57AC739D1960FB620079A639 /* editContactsTableViewController.m */,
				57934B55196216F800D8BA2C /* ContactsTableViewController.h */,
				57934B56196216F800D8BA2C /* ContactsTableViewController.m */,
				57BABFD719639FF80075117F /* SendMessageTableViewController.h */,
				57BABFD819639FF80075117F /* SendMessageTableViewController.m */,
				57F1DDE4195CE14B00DAEB4F /* LoginViewController.h */,
				57F1DDE5195CE14B00DAEB4F /* LoginViewController.m */,
				57F1DDE7195CE16F00DAEB4F /* SignUpViewController.h */,
				57F1DDE8195CE16F00DAEB4F /* SignUpViewController.m */,
				57C9C01D195A71B500D8D3EE /* ViewController.h */,
				57F1DDCC195CCEF600DAEB4F /* InboxTableViewController.h */,
				57F1DDCD195CCEF600DAEB4F /* InboxTableViewController.m */,
				57A483781974AAB100309C93 /* playMessageViewController.h */,
				57A483791974AAB100309C93 /* playMessageViewController.m */,
				57C9C01E195A71B500D8D3EE /* ViewController.m */,
				57C9C020195A71B500D8D3EE /* Images.xcassets */,
				57C9C00F195A71B500D8D3EE /* Supporting Files */,
			);
			path = Pigeon;
			sourceTree = "<group>";
		};
		57C9C00F195A71B500D8D3EE /* Supporting Files */ = {
			isa = PBXGroup;
			children = (
				5764230F196F8A8A0004F992 /* GAI.h */,
				57642310196F8A8A0004F992 /* GAIDictionaryBuilder.h */,
				57642311196F8A8A0004F992 /* GAIEcommerceFields.h */,
				57642312196F8A8A0004F992 /* GAIEcommerceProduct.h */,
				57642313196F8A8A0004F992 /* GAIEcommerceProductAction.h */,
				57642314196F8A8A0004F992 /* GAIEcommercePromotion.h */,
				57642315196F8A8A0004F992 /* GAIFields.h */,
				57642316196F8A8A0004F992 /* GAILogger.h */,
				57642317196F8A8A0004F992 /* GAITrackedViewController.h */,
				57642318196F8A8A0004F992 /* GAITracker.h */,
				57C9C017195A71B500D8D3EE /* AppDelegate.h */,
				57C9C018195A71B500D8D3EE /* AppDelegate.m */,
				57C9C010195A71B500D8D3EE /* Pigeon-Info.plist */,
				57C9C011195A71B500D8D3EE /* InfoPlist.strings */,
				57C9C014195A71B500D8D3EE /* main.m */,
				57C9C016195A71B500D8D3EE /* Pigeon-Prefix.pch */,
			);
			name = "Supporting Files";
			sourceTree = "<group>";
		};
		57C9C02D195A71B500D8D3EE /* PigeonTests */ = {
			isa = PBXGroup;
			children = (
				57C9C033195A71B500D8D3EE /* PigeonTests.m */,
				57C9C02E195A71B500D8D3EE /* Supporting Files */,
			);
			path = PigeonTests;
			sourceTree = "<group>";
		};
		57C9C02E195A71B500D8D3EE /* Supporting Files */ = {
			isa = PBXGroup;
			children = (
				57C9C02F195A71B500D8D3EE /* PigeonTests-Info.plist */,
				57C9C030195A71B500D8D3EE /* InfoPlist.strings */,
			);
			name = "Supporting Files";
			sourceTree = "<group>";
		};
/* End PBXGroup section */

/* Begin PBXNativeTarget section */
		57C9C004195A71B500D8D3EE /* Pigeon */ = {
			isa = PBXNativeTarget;
			buildConfigurationList = 57C9C037195A71B500D8D3EE /* Build configuration list for PBXNativeTarget "Pigeon" */;
			buildPhases = (
				57C9C001195A71B500D8D3EE /* Sources */,
				57C9C002195A71B500D8D3EE /* Frameworks */,
				57C9C003195A71B500D8D3EE /* Resources */,
			);
			buildRules = (
			);
			dependencies = (
			);
			name = Pigeon;
			productName = Pigeon;
			productReference = 57C9C005195A71B500D8D3EE /* Pigeon.app */;
			productType = "com.apple.product-type.application";
		};
		57C9C025195A71B500D8D3EE /* PigeonTests */ = {
			isa = PBXNativeTarget;
			buildConfigurationList = 57C9C03A195A71B500D8D3EE /* Build configuration list for PBXNativeTarget "PigeonTests" */;
			buildPhases = (
				57C9C022195A71B500D8D3EE /* Sources */,
				57C9C023195A71B500D8D3EE /* Frameworks */,
				57C9C024195A71B500D8D3EE /* Resources */,
			);
			buildRules = (
			);
			dependencies = (
				57C9C02C195A71B500D8D3EE /* PBXTargetDependency */,
			);
			name = PigeonTests;
			productName = PigeonTests;
			productReference = 57C9C026195A71B500D8D3EE /* PigeonTests.xctest */;
			productType = "com.apple.product-type.bundle.unit-test";
		};
/* End PBXNativeTarget section */

/* Begin PBXProject section */
		57C9BFFD195A71B500D8D3EE /* Project object */ = {
			isa = PBXProject;
			attributes = {
				LastUpgradeCheck = 0510;
				ORGANIZATIONNAME = matthewchess;
				TargetAttributes = {
					57C9C025195A71B500D8D3EE = {
						TestTargetID = 57C9C004195A71B500D8D3EE;
					};
				};
			};
			buildConfigurationList = 57C9C000195A71B500D8D3EE /* Build configuration list for PBXProject "Pigeon" */;
			compatibilityVersion = "Xcode 3.2";
			developmentRegion = English;
			hasScannedForEncodings = 0;
			knownRegions = (
				en,
				Base,
			);
			mainGroup = 57C9BFFC195A71B500D8D3EE;
			productRefGroup = 57C9C006195A71B500D8D3EE /* Products */;
			projectDirPath = "";
			projectRoot = "";
			targets = (
				57C9C004195A71B500D8D3EE /* Pigeon */,
				57C9C025195A71B500D8D3EE /* PigeonTests */,
			);
		};
/* End PBXProject section */

/* Begin PBXResourcesBuildPhase section */
		57C9C003195A71B500D8D3EE /* Resources */ = {
			isa = PBXResourcesBuildPhase;
			buildActionMask = 2147483647;
			files = (
				57C9C021195A71B500D8D3EE /* Images.xcassets in Resources */,
				57C9C013195A71B500D8D3EE /* InfoPlist.strings in Resources */,
				57C9C01C195A71B500D8D3EE /* Main.storyboard in Resources */,
			);
			runOnlyForDeploymentPostprocessing = 0;
		};
		57C9C024195A71B500D8D3EE /* Resources */ = {
			isa = PBXResourcesBuildPhase;
			buildActionMask = 2147483647;
			files = (
				57C9C032195A71B500D8D3EE /* InfoPlist.strings in Resources */,
			);
			runOnlyForDeploymentPostprocessing = 0;
		};
/* End PBXResourcesBuildPhase section */

/* Begin PBXSourcesBuildPhase section */
		57C9C001195A71B500D8D3EE /* Sources */ = {
			isa = PBXSourcesBuildPhase;
			buildActionMask = 2147483647;
			files = (
				57A4837A1974AAB100309C93 /* playMessageViewController.m in Sources */,
				57934B5A1962414A00D8BA2C /* ContactSearchTableViewController.m in Sources */,
				57F1DDCE195CCEF600DAEB4F /* InboxTableViewController.m in Sources */,
				57C9C01F195A71B500D8D3EE /* ViewController.m in Sources */,
				57AC739E1960FB620079A639 /* editContactsTableViewController.m in Sources */,
				57BABFD919639FF80075117F /* SendMessageTableViewController.m in Sources */,
				57F1DDE9195CE16F00DAEB4F /* SignUpViewController.m in Sources */,
				57C9C019195A71B500D8D3EE /* AppDelegate.m in Sources */,
				57C9C015195A71B500D8D3EE /* main.m in Sources */,
				57934B57196216F800D8BA2C /* ContactsTableViewController.m in Sources */,
				57F1DDE6195CE14B00DAEB4F /* LoginViewController.m in Sources */,
				57428D02196B6BE6001C2E70 /* RecordAMessageViewController.m in Sources */,
			);
			runOnlyForDeploymentPostprocessing = 0;
		};
		57C9C022195A71B500D8D3EE /* Sources */ = {
			isa = PBXSourcesBuildPhase;
			buildActionMask = 2147483647;
			files = (
				57C9C034195A71B500D8D3EE /* PigeonTests.m in Sources */,
			);
			runOnlyForDeploymentPostprocessing = 0;
		};
/* End PBXSourcesBuildPhase section */

/* Begin PBXTargetDependency section */
		57C9C02C195A71B500D8D3EE /* PBXTargetDependency */ = {
			isa = PBXTargetDependency;
			target = 57C9C004195A71B500D8D3EE /* Pigeon */;
			targetProxy = 57C9C02B195A71B500D8D3EE /* PBXContainerItemProxy */;
		};
/* End PBXTargetDependency section */

/* Begin PBXVariantGroup section */
		57C9C011195A71B500D8D3EE /* InfoPlist.strings */ = {
			isa = PBXVariantGroup;
			children = (
				57C9C012195A71B500D8D3EE /* en */,
			);
			name = InfoPlist.strings;
			sourceTree = "<group>";
		};
		57C9C01A195A71B500D8D3EE /* Main.storyboard */ = {
			isa = PBXVariantGroup;
			children = (
				57C9C01B195A71B500D8D3EE /* Base */,
			);
			name = Main.storyboard;
			sourceTree = "<group>";
		};
		57C9C030195A71B500D8D3EE /* InfoPlist.strings */ = {
			isa = PBXVariantGroup;
			children = (
				57C9C031195A71B500D8D3EE /* en */,
			);
			name = InfoPlist.strings;
			sourceTree = "<group>";
		};
/* End PBXVariantGroup section */

/* Begin XCBuildConfiguration section */
		57C9C035195A71B500D8D3EE /* Debug */ = {
			isa = XCBuildConfiguration;
			buildSettings = {
				ALWAYS_SEARCH_USER_PATHS = NO;
				CLANG_CXX_LANGUAGE_STANDARD = "gnu++0x";
				CLANG_CXX_LIBRARY = "libc++";
				CLANG_ENABLE_MODULES = YES;
				CLANG_ENABLE_OBJC_ARC = YES;
				CLANG_WARN_BOOL_CONVERSION = YES;
				CLANG_WARN_CONSTANT_CONVERSION = YES;
				CLANG_WARN_DIRECT_OBJC_ISA_USAGE = YES_ERROR;
				CLANG_WARN_EMPTY_BODY = YES;
				CLANG_WARN_ENUM_CONVERSION = YES;
				CLANG_WARN_INT_CONVERSION = YES;
				CLANG_WARN_OBJC_ROOT_CLASS = YES_ERROR;
				CLANG_WARN__DUPLICATE_METHOD_MATCH = YES;
				"CODE_SIGN_IDENTITY[sdk=iphoneos*]" = "iPhone Developer";
				COPY_PHASE_STRIP = NO;
				GCC_C_LANGUAGE_STANDARD = gnu99;
				GCC_DYNAMIC_NO_PIC = NO;
				GCC_OPTIMIZATION_LEVEL = 0;
				GCC_PREPROCESSOR_DEFINITIONS = (
					"DEBUG=1",
					"$(inherited)",
				);
				GCC_SYMBOLS_PRIVATE_EXTERN = NO;
				GCC_WARN_64_TO_32_BIT_CONVERSION = YES;
				GCC_WARN_ABOUT_RETURN_TYPE = YES_ERROR;
				GCC_WARN_UNDECLARED_SELECTOR = YES;
				GCC_WARN_UNINITIALIZED_AUTOS = YES_AGGRESSIVE;
				GCC_WARN_UNUSED_FUNCTION = YES;
				GCC_WARN_UNUSED_VARIABLE = YES;
				IPHONEOS_DEPLOYMENT_TARGET = 7.1;
				ONLY_ACTIVE_ARCH = YES;
				SDKROOT = iphoneos;
			};
			name = Debug;
		};
		57C9C036195A71B500D8D3EE /* Release */ = {
			isa = XCBuildConfiguration;
			buildSettings = {
				ALWAYS_SEARCH_USER_PATHS = NO;
				CLANG_CXX_LANGUAGE_STANDARD = "gnu++0x";
				CLANG_CXX_LIBRARY = "libc++";
				CLANG_ENABLE_MODULES = YES;
				CLANG_ENABLE_OBJC_ARC = YES;
				CLANG_WARN_BOOL_CONVERSION = YES;
				CLANG_WARN_CONSTANT_CONVERSION = YES;
				CLANG_WARN_DIRECT_OBJC_ISA_USAGE = YES_ERROR;
				CLANG_WARN_EMPTY_BODY = YES;
				CLANG_WARN_ENUM_CONVERSION = YES;
				CLANG_WARN_INT_CONVERSION = YES;
				CLANG_WARN_OBJC_ROOT_CLASS = YES_ERROR;
				CLANG_WARN__DUPLICATE_METHOD_MATCH = YES;
				"CODE_SIGN_IDENTITY[sdk=iphoneos*]" = "iPhone Developer";
				COPY_PHASE_STRIP = YES;
				ENABLE_NS_ASSERTIONS = NO;
				GCC_C_LANGUAGE_STANDARD = gnu99;
				GCC_WARN_64_TO_32_BIT_CONVERSION = YES;
				GCC_WARN_ABOUT_RETURN_TYPE = YES_ERROR;
				GCC_WARN_UNDECLARED_SELECTOR = YES;
				GCC_WARN_UNINITIALIZED_AUTOS = YES_AGGRESSIVE;
				GCC_WARN_UNUSED_FUNCTION = YES;
				GCC_WARN_UNUSED_VARIABLE = YES;
				IPHONEOS_DEPLOYMENT_TARGET = 7.1;
				SDKROOT = iphoneos;
				VALIDATE_PRODUCT = YES;
			};
			name = Release;
		};
		57C9C038195A71B500D8D3EE /* Debug */ = {
			isa = XCBuildConfiguration;
			buildSettings = {
				ASSETCATALOG_COMPILER_APPICON_NAME = AppIcon;
				ASSETCATALOG_COMPILER_LAUNCHIMAGE_NAME = LaunchImage;
				FRAMEWORK_SEARCH_PATHS = (
					"$(inherited)",
					"$(PROJECT_DIR)",
				);
				GCC_PRECOMPILE_PREFIX_HEADER = YES;
				GCC_PREFIX_HEADER = "Pigeon/Pigeon-Prefix.pch";
				INFOPLIST_FILE = "Pigeon/Pigeon-Info.plist";
				LIBRARY_SEARCH_PATHS = (
					"$(inherited)",
					"$(PROJECT_DIR)/Pigeon",
				);
				PRODUCT_NAME = "$(TARGET_NAME)";
				WRAPPER_EXTENSION = app;
			};
			name = Debug;
		};
		57C9C039195A71B500D8D3EE /* Release */ = {
			isa = XCBuildConfiguration;
			buildSettings = {
				ASSETCATALOG_COMPILER_APPICON_NAME = AppIcon;
				ASSETCATALOG_COMPILER_LAUNCHIMAGE_NAME = LaunchImage;
				FRAMEWORK_SEARCH_PATHS = (
					"$(inherited)",
					"$(PROJECT_DIR)",
				);
				GCC_PRECOMPILE_PREFIX_HEADER = YES;
				GCC_PREFIX_HEADER = "Pigeon/Pigeon-Prefix.pch";
				INFOPLIST_FILE = "Pigeon/Pigeon-Info.plist";
				LIBRARY_SEARCH_PATHS = (
					"$(inherited)",
					"$(PROJECT_DIR)/Pigeon",
				);
				PRODUCT_NAME = "$(TARGET_NAME)";
				WRAPPER_EXTENSION = app;
			};
			name = Release;
		};
		57C9C03B195A71B500D8D3EE /* Debug */ = {
			isa = XCBuildConfiguration;
			buildSettings = {
				BUNDLE_LOADER = "$(BUILT_PRODUCTS_DIR)/Pigeon.app/Pigeon";
				FRAMEWORK_SEARCH_PATHS = (
					"$(SDKROOT)/Developer/Library/Frameworks",
					"$(inherited)",
					"$(DEVELOPER_FRAMEWORKS_DIR)",
				);
				GCC_PRECOMPILE_PREFIX_HEADER = YES;
				GCC_PREFIX_HEADER = "Pigeon/Pigeon-Prefix.pch";
				GCC_PREPROCESSOR_DEFINITIONS = (
					"DEBUG=1",
					"$(inherited)",
				);
				INFOPLIST_FILE = "PigeonTests/PigeonTests-Info.plist";
				PRODUCT_NAME = "$(TARGET_NAME)";
				TEST_HOST = "$(BUNDLE_LOADER)";
				WRAPPER_EXTENSION = xctest;
			};
			name = Debug;
		};
		57C9C03C195A71B500D8D3EE /* Release */ = {
			isa = XCBuildConfiguration;
			buildSettings = {
				BUNDLE_LOADER = "$(BUILT_PRODUCTS_DIR)/Pigeon.app/Pigeon";
				FRAMEWORK_SEARCH_PATHS = (
					"$(SDKROOT)/Developer/Library/Frameworks",
					"$(inherited)",
					"$(DEVELOPER_FRAMEWORKS_DIR)",
				);
				GCC_PRECOMPILE_PREFIX_HEADER = YES;
				GCC_PREFIX_HEADER = "Pigeon/Pigeon-Prefix.pch";
				INFOPLIST_FILE = "PigeonTests/PigeonTests-Info.plist";
				PRODUCT_NAME = "$(TARGET_NAME)";
				TEST_HOST = "$(BUNDLE_LOADER)";
				WRAPPER_EXTENSION = xctest;
			};
			name = Release;
		};
/* End XCBuildConfiguration section */

/* Begin XCConfigurationList section */
		57C9C000195A71B500D8D3EE /* Build configuration list for PBXProject "Pigeon" */ = {
			isa = XCConfigurationList;
			buildConfigurations = (
				57C9C035195A71B500D8D3EE /* Debug */,
				57C9C036195A71B500D8D3EE /* Release */,
			);
			defaultConfigurationIsVisible = 0;
			defaultConfigurationName = Release;
		};
		57C9C037195A71B500D8D3EE /* Build configuration list for PBXNativeTarget "Pigeon" */ = {
			isa = XCConfigurationList;
			buildConfigurations = (
				57C9C038195A71B500D8D3EE /* Debug */,
				57C9C039195A71B500D8D3EE /* Release */,
			);
			defaultConfigurationIsVisible = 0;
			defaultConfigurationName = Release;
		};
		57C9C03A195A71B500D8D3EE /* Build configuration list for PBXNativeTarget "PigeonTests" */ = {
			isa = XCConfigurationList;
			buildConfigurations = (
				57C9C03B195A71B500D8D3EE /* Debug */,
				57C9C03C195A71B500D8D3EE /* Release */,
			);
			defaultConfigurationIsVisible = 0;
			defaultConfigurationName = Release;
		};
/* End XCConfigurationList section */
	};
	rootObject = 57C9BFFD195A71B500D8D3EE /* Project object */;
}
